// !$*UTF8*$!
{
	archiveVersion = 1;
	classes = {
	};
	objectVersion = 46;
	objects = {

/* Begin PBXBuildFile section */
		012BD5451CD040FC0030E4FA /* DatabaseManager.swift in Sources */ = {isa = PBXBuildFile; fileRef = AD2FEC441AE2B7E200EF8B65 /* DatabaseManager.swift */; };
		012BD5471CD0413E0030E4FA /* Card.swift in Sources */ = {isa = PBXBuildFile; fileRef = AD1A83521AE2E493008F336F /* Card.swift */; };
		012BD5491CD041740030E4FA /* Information.json in Resources */ = {isa = PBXBuildFile; fileRef = AD1A835B1AE2FA90008F336F /* Information.json */; };
		012BD54A1CD041740030E4FA /* InformationV2.json in Resources */ = {isa = PBXBuildFile; fileRef = ADB4931D1CCD78120047D886 /* InformationV2.json */; };
		012BD54B1CD042CB0030E4FA /* MainInterfaceController.swift in Sources */ = {isa = PBXBuildFile; fileRef = 01B3EF131CD032CB00110037 /* MainInterfaceController.swift */; };
		012BD54C1CD042CB0030E4FA /* SectionTableController.swift in Sources */ = {isa = PBXBuildFile; fileRef = 01B3EF291CD0336A00110037 /* SectionTableController.swift */; };
		012BD54D1CD042CB0030E4FA /* ExtensionDelegate.swift in Sources */ = {isa = PBXBuildFile; fileRef = 01B3EF151CD032CB00110037 /* ExtensionDelegate.swift */; };
		01B3EF061CD032CB00110037 /* Interface.storyboard in Resources */ = {isa = PBXBuildFile; fileRef = 01B3EF041CD032CB00110037 /* Interface.storyboard */; };
		01B3EF081CD032CB00110037 /* Assets.xcassets in Resources */ = {isa = PBXBuildFile; fileRef = 01B3EF071CD032CB00110037 /* Assets.xcassets */; };
		01B3EF0F1CD032CB00110037 /* EnquiCMWatch Extension.appex in Embed App Extensions */ = {isa = PBXBuildFile; fileRef = 01B3EF0E1CD032CB00110037 /* EnquiCMWatch Extension.appex */; settings = {ATTRIBUTES = (RemoveHeadersOnCopy, ); }; };
		01B3EF181CD032CB00110037 /* Assets.xcassets in Resources */ = {isa = PBXBuildFile; fileRef = 01B3EF171CD032CB00110037 /* Assets.xcassets */; };
		01B3EF1C1CD032CB00110037 /* EnquiCMWatch.app in Embed Watch Content */ = {isa = PBXBuildFile; fileRef = 01B3EF021CD032CB00110037 /* EnquiCMWatch.app */; };
		01F6D2C81CD179DC008F1E10 /* DetailInterfaceController.swift in Sources */ = {isa = PBXBuildFile; fileRef = 01F6D2C71CD179DC008F1E10 /* DetailInterfaceController.swift */; };
		01F6D2CA1CD17BB7008F1E10 /* DetailTableController.swift in Sources */ = {isa = PBXBuildFile; fileRef = 01F6D2C91CD17BB7008F1E10 /* DetailTableController.swift */; };
		AD1A83511AE2E2E5008F336F /* CardTableViewCell.swift in Sources */ = {isa = PBXBuildFile; fileRef = AD1A83501AE2E2E5008F336F /* CardTableViewCell.swift */; };
		AD1A83531AE2E493008F336F /* Card.swift in Sources */ = {isa = PBXBuildFile; fileRef = AD1A83521AE2E493008F336F /* Card.swift */; };
		AD1A83551AE2E606008F336F /* UITableViewCellExtensions.swift in Sources */ = {isa = PBXBuildFile; fileRef = AD1A83541AE2E606008F336F /* UITableViewCellExtensions.swift */; };
		AD1A835C1AE2FA90008F336F /* Information.json in Resources */ = {isa = PBXBuildFile; fileRef = AD1A835B1AE2FA90008F336F /* Information.json */; };
		AD1A835F1AE34001008F336F /* TransitionDelegate.swift in Sources */ = {isa = PBXBuildFile; fileRef = AD1A835E1AE34001008F336F /* TransitionDelegate.swift */; };
		AD1A83611AE3402E008F336F /* TransitionPresentationAnimator.swift in Sources */ = {isa = PBXBuildFile; fileRef = AD1A83601AE3402E008F336F /* TransitionPresentationAnimator.swift */; };
		AD1A83631AE341B3008F336F /* TransitionDismissalAnimator.swift in Sources */ = {isa = PBXBuildFile; fileRef = AD1A83621AE341B3008F336F /* TransitionDismissalAnimator.swift */; };
		AD1A83651AE34240008F336F /* PresentationAnimator.swift in Sources */ = {isa = PBXBuildFile; fileRef = AD1A83641AE34240008F336F /* PresentationAnimator.swift */; };
		AD1A83671AE34261008F336F /* DismissalAnimator.swift in Sources */ = {isa = PBXBuildFile; fileRef = AD1A83661AE34261008F336F /* DismissalAnimator.swift */; };
		AD1A836E1AE42139008F336F /* CardHeaderTableViewCell.swift in Sources */ = {isa = PBXBuildFile; fileRef = AD1A836D1AE42139008F336F /* CardHeaderTableViewCell.swift */; };
		AD2FEC301AE1277700EF8B65 /* BottomToUpCustomSegue.swift in Sources */ = {isa = PBXBuildFile; fileRef = AD2FEC2F1AE1277700EF8B65 /* BottomToUpCustomSegue.swift */; };
		AD2FEC321AE1335E00EF8B65 /* CustomSegue.swift in Sources */ = {isa = PBXBuildFile; fileRef = AD2FEC311AE1335E00EF8B65 /* CustomSegue.swift */; };
		AD2FEC361AE13D3F00EF8B65 /* UnwindBottonToUpCustomSegue.swift in Sources */ = {isa = PBXBuildFile; fileRef = AD2FEC351AE13D3F00EF8B65 /* UnwindBottonToUpCustomSegue.swift */; };
		AD2FEC381AE14BDA00EF8B65 /* CustomSequeUnwind.swift in Sources */ = {isa = PBXBuildFile; fileRef = AD2FEC371AE14BDA00EF8B65 /* CustomSequeUnwind.swift */; };
		AD2FEC3E1AE1DCC300EF8B65 /* MainTableViewController.swift in Sources */ = {isa = PBXBuildFile; fileRef = AD2FEC3D1AE1DCC300EF8B65 /* MainTableViewController.swift */; };
		AD2FEC451AE2B7E200EF8B65 /* DatabaseManager.swift in Sources */ = {isa = PBXBuildFile; fileRef = AD2FEC441AE2B7E200EF8B65 /* DatabaseManager.swift */; };
		AD4405951AEB47E000BADC06 /* Utils.swift in Sources */ = {isa = PBXBuildFile; fileRef = AD4405941AEB47E000BADC06 /* Utils.swift */; };
		AD4405971AEC23E500BADC06 /* ProjectViewController.swift in Sources */ = {isa = PBXBuildFile; fileRef = AD4405961AEC23E500BADC06 /* ProjectViewController.swift */; };
		AD4405991AEC534500BADC06 /* ProjectCollectionTableViewCell.swift in Sources */ = {isa = PBXBuildFile; fileRef = AD4405981AEC534500BADC06 /* ProjectCollectionTableViewCell.swift */; };
		AD4405A11AED449800BADC06 /* CTBM-logo-landscape.png in Resources */ = {isa = PBXBuildFile; fileRef = AD44059B1AED449800BADC06 /* CTBM-logo-landscape.png */; };
		AD4405A21AED449800BADC06 /* CTBM-main.jpg in Resources */ = {isa = PBXBuildFile; fileRef = AD44059C1AED449800BADC06 /* CTBM-main.jpg */; };
		AD4405A31AED449800BADC06 /* PUCRS-logo-landscape.png in Resources */ = {isa = PBXBuildFile; fileRef = AD44059D1AED449800BADC06 /* PUCRS-logo-landscape.png */; };
		AD4405A41AED449800BADC06 /* PUCRS-main.jpg in Resources */ = {isa = PBXBuildFile; fileRef = AD44059E1AED449800BADC06 /* PUCRS-main.jpg */; };
		AD4405A51AED449800BADC06 /* ULBRA-logo-landscape.png in Resources */ = {isa = PBXBuildFile; fileRef = AD44059F1AED449800BADC06 /* ULBRA-logo-landscape.png */; };
		AD4405A61AED449800BADC06 /* ULBRA-main.jpg in Resources */ = {isa = PBXBuildFile; fileRef = AD4405A01AED449800BADC06 /* ULBRA-main.jpg */; };
		AD4405A91AED6C6900BADC06 /* sp-logo-landscape.png in Resources */ = {isa = PBXBuildFile; fileRef = AD4405A71AED6C6900BADC06 /* sp-logo-landscape.png */; };
		AD4405AA1AED6C6900BADC06 /* sp-main.png in Resources */ = {isa = PBXBuildFile; fileRef = AD4405A81AED6C6900BADC06 /* sp-main.png */; };
		AD4405AD1AED6D2500BADC06 /* sp-logo.jpeg in Resources */ = {isa = PBXBuildFile; fileRef = AD4405AC1AED6D2500BADC06 /* sp-logo.jpeg */; };
		AD4405B01AED6E3B00BADC06 /* greenb-logo-landscape.png in Resources */ = {isa = PBXBuildFile; fileRef = AD4405AE1AED6E3B00BADC06 /* greenb-logo-landscape.png */; };
		AD4405B11AED6E3B00BADC06 /* greenb-main.png in Resources */ = {isa = PBXBuildFile; fileRef = AD4405AF1AED6E3B00BADC06 /* greenb-main.png */; };
		AD4405B31AED6F0400BADC06 /* aproximar-logo.png in Resources */ = {isa = PBXBuildFile; fileRef = AD4405B21AED6F0400BADC06 /* aproximar-logo.png */; };
		AD4405B51AED702000BADC06 /* nowastes-logo.png in Resources */ = {isa = PBXBuildFile; fileRef = AD4405B41AED702000BADC06 /* nowastes-logo.png */; };
		AD4405B81AED706E00BADC06 /* torneio.jpg in Resources */ = {isa = PBXBuildFile; fileRef = AD4405B71AED706E00BADC06 /* torneio.jpg */; };
		AD4405BA1AED71E600BADC06 /* bepid-main.png in Resources */ = {isa = PBXBuildFile; fileRef = AD4405B91AED71E600BADC06 /* bepid-main.png */; };
		AD4405BC1AED729500BADC06 /* gogobirdie-logo.jpg in Resources */ = {isa = PBXBuildFile; fileRef = AD4405BB1AED729500BADC06 /* gogobirdie-logo.jpg */; };
		AD4405BE1AED73C000BADC06 /* sikur-logo.png in Resources */ = {isa = PBXBuildFile; fileRef = AD4405BD1AED73C000BADC06 /* sikur-logo.png */; };
		AD4405C01AED73EF00BADC06 /* ciberbras-main.jpg in Resources */ = {isa = PBXBuildFile; fileRef = AD4405BF1AED73EF00BADC06 /* ciberbras-main.jpg */; };
		AD4405C21AED73F600BADC06 /* ciberbras-logo-landscape.png in Resources */ = {isa = PBXBuildFile; fileRef = AD4405C11AED73F600BADC06 /* ciberbras-logo-landscape.png */; };
		AD4405C41AED742400BADC06 /* elipse-logo-landscape.png in Resources */ = {isa = PBXBuildFile; fileRef = AD4405C31AED742400BADC06 /* elipse-logo-landscape.png */; };
		AD4405C61AED746900BADC06 /* elipse-main.png in Resources */ = {isa = PBXBuildFile; fileRef = AD4405C51AED746900BADC06 /* elipse-main.png */; };
		AD4405C81AED74E300BADC06 /* elipse-logo.jpeg in Resources */ = {isa = PBXBuildFile; fileRef = AD4405C71AED74E300BADC06 /* elipse-logo.jpeg */; };
		AD4405CB1AED774C00BADC06 /* backend-dev-main.jpg in Resources */ = {isa = PBXBuildFile; fileRef = AD4405CA1AED774C00BADC06 /* backend-dev-main.jpg */; };
		AD4405D11AED775400BADC06 /* aws.png in Resources */ = {isa = PBXBuildFile; fileRef = AD4405CC1AED775400BADC06 /* aws.png */; };
		AD4405D21AED775400BADC06 /* js.png in Resources */ = {isa = PBXBuildFile; fileRef = AD4405CD1AED775400BADC06 /* js.png */; };
		AD4405D31AED775400BADC06 /* mysql.png in Resources */ = {isa = PBXBuildFile; fileRef = AD4405CE1AED775400BADC06 /* mysql.png */; };
		AD4405D41AED775400BADC06 /* node.png in Resources */ = {isa = PBXBuildFile; fileRef = AD4405CF1AED775400BADC06 /* node.png */; };
		AD4405D51AED775400BADC06 /* spa.png in Resources */ = {isa = PBXBuildFile; fileRef = AD4405D01AED775400BADC06 /* spa.png */; };
		AD4405D71AED787900BADC06 /* code-main.jpeg in Resources */ = {isa = PBXBuildFile; fileRef = AD4405D61AED787900BADC06 /* code-main.jpeg */; };
		AD4405DA1AED795700BADC06 /* volunteers.png in Resources */ = {isa = PBXBuildFile; fileRef = AD4405D91AED795700BADC06 /* volunteers.png */; };
		AD4405DC1AED7DAA00BADC06 /* prize.jpg in Resources */ = {isa = PBXBuildFile; fileRef = AD4405DB1AED7DAA00BADC06 /* prize.jpg */; };
		AD4405DE1AED7F6B00BADC06 /* prize-image1.jpg in Resources */ = {isa = PBXBuildFile; fileRef = AD4405DD1AED7F6B00BADC06 /* prize-image1.jpg */; };
		AD4405E51AED865F00BADC06 /* sp-print1.jpeg in Resources */ = {isa = PBXBuildFile; fileRef = AD4405E01AED865F00BADC06 /* sp-print1.jpeg */; };
		AD4405E61AED865F00BADC06 /* sp-print2.jpeg in Resources */ = {isa = PBXBuildFile; fileRef = AD4405E11AED865F00BADC06 /* sp-print2.jpeg */; };
		AD4405E71AED865F00BADC06 /* sp-print3.jpeg in Resources */ = {isa = PBXBuildFile; fileRef = AD4405E21AED865F00BADC06 /* sp-print3.jpeg */; };
		AD4405E81AED865F00BADC06 /* sp-print4.jpeg in Resources */ = {isa = PBXBuildFile; fileRef = AD4405E31AED865F00BADC06 /* sp-print4.jpeg */; };
		AD4405E91AED865F00BADC06 /* sp-print5.jpeg in Resources */ = {isa = PBXBuildFile; fileRef = AD4405E41AED865F00BADC06 /* sp-print5.jpeg */; };
		AD4405F51AED868600BADC06 /* aproximar1.png in Resources */ = {isa = PBXBuildFile; fileRef = AD4405EA1AED868600BADC06 /* aproximar1.png */; };
		AD4405F61AED868600BADC06 /* aproximar2.png in Resources */ = {isa = PBXBuildFile; fileRef = AD4405EB1AED868600BADC06 /* aproximar2.png */; };
		AD4405F71AED868600BADC06 /* aproximar3.png in Resources */ = {isa = PBXBuildFile; fileRef = AD4405EC1AED868600BADC06 /* aproximar3.png */; };
		AD4405F81AED868600BADC06 /* aproximar4.png in Resources */ = {isa = PBXBuildFile; fileRef = AD4405ED1AED868600BADC06 /* aproximar4.png */; };
		AD4405F91AED868600BADC06 /* aproximar5.png in Resources */ = {isa = PBXBuildFile; fileRef = AD4405EE1AED868600BADC06 /* aproximar5.png */; };
		AD4405FA1AED868600BADC06 /* aproximar6.png in Resources */ = {isa = PBXBuildFile; fileRef = AD4405EF1AED868600BADC06 /* aproximar6.png */; };
		AD4405FB1AED868600BADC06 /* aproximar7.png in Resources */ = {isa = PBXBuildFile; fileRef = AD4405F01AED868600BADC06 /* aproximar7.png */; };
		AD4405FC1AED868600BADC06 /* aproximar8.png in Resources */ = {isa = PBXBuildFile; fileRef = AD4405F11AED868600BADC06 /* aproximar8.png */; };
		AD4405FD1AED868600BADC06 /* aproximar9.png in Resources */ = {isa = PBXBuildFile; fileRef = AD4405F21AED868600BADC06 /* aproximar9.png */; };
		AD4405FE1AED868600BADC06 /* aproximar10.png in Resources */ = {isa = PBXBuildFile; fileRef = AD4405F31AED868600BADC06 /* aproximar10.png */; };
		AD4405FF1AED868600BADC06 /* aproximar11.png in Resources */ = {isa = PBXBuildFile; fileRef = AD4405F41AED868600BADC06 /* aproximar11.png */; };
		AD4406051AED869D00BADC06 /* nowastes-print1.jpeg in Resources */ = {isa = PBXBuildFile; fileRef = AD4406001AED869D00BADC06 /* nowastes-print1.jpeg */; };
		AD4406061AED869D00BADC06 /* nowastes-print2.jpeg in Resources */ = {isa = PBXBuildFile; fileRef = AD4406011AED869D00BADC06 /* nowastes-print2.jpeg */; };
		AD4406071AED869D00BADC06 /* nowastes-print3.jpeg in Resources */ = {isa = PBXBuildFile; fileRef = AD4406021AED869D00BADC06 /* nowastes-print3.jpeg */; };
		AD4406091AED869D00BADC06 /* nowastes-print5.jpeg in Resources */ = {isa = PBXBuildFile; fileRef = AD4406041AED869D00BADC06 /* nowastes-print5.jpeg */; };
		AD44060B1AED86D600BADC06 /* nowastes-print4.jpeg in Resources */ = {isa = PBXBuildFile; fileRef = AD44060A1AED86D600BADC06 /* nowastes-print4.jpeg */; };
		AD4406111AED879300BADC06 /* gogobirdie-print1.jpeg in Resources */ = {isa = PBXBuildFile; fileRef = AD44060C1AED879300BADC06 /* gogobirdie-print1.jpeg */; };
		AD4406121AED879300BADC06 /* gogobirdie-print2.jpeg in Resources */ = {isa = PBXBuildFile; fileRef = AD44060D1AED879300BADC06 /* gogobirdie-print2.jpeg */; };
		AD4406131AED879300BADC06 /* gogobirdie-print3.jpeg in Resources */ = {isa = PBXBuildFile; fileRef = AD44060E1AED879300BADC06 /* gogobirdie-print3.jpeg */; };
		AD4406141AED879300BADC06 /* gogobirdie-print4.jpeg in Resources */ = {isa = PBXBuildFile; fileRef = AD44060F1AED879300BADC06 /* gogobirdie-print4.jpeg */; };
		AD4406151AED879300BADC06 /* gogobirdie-print5.jpeg in Resources */ = {isa = PBXBuildFile; fileRef = AD4406101AED879300BADC06 /* gogobirdie-print5.jpeg */; };
		AD44061A1AED888D00BADC06 /* Sikur-print1.jpeg in Resources */ = {isa = PBXBuildFile; fileRef = AD4406161AED888C00BADC06 /* Sikur-print1.jpeg */; };
		AD44061B1AED888D00BADC06 /* Sikur-print2.jpeg in Resources */ = {isa = PBXBuildFile; fileRef = AD4406171AED888C00BADC06 /* Sikur-print2.jpeg */; };
		AD44061C1AED888D00BADC06 /* Sikur-print3.jpeg in Resources */ = {isa = PBXBuildFile; fileRef = AD4406181AED888C00BADC06 /* Sikur-print3.jpeg */; };
		AD44061D1AED888D00BADC06 /* Sikur-print4.jpeg in Resources */ = {isa = PBXBuildFile; fileRef = AD4406191AED888C00BADC06 /* Sikur-print4.jpeg */; };
		AD4406231AED8A0700BADC06 /* elipse-print1.jpeg in Resources */ = {isa = PBXBuildFile; fileRef = AD44061E1AED8A0700BADC06 /* elipse-print1.jpeg */; };
		AD4406241AED8A0700BADC06 /* elipse-print2.jpeg in Resources */ = {isa = PBXBuildFile; fileRef = AD44061F1AED8A0700BADC06 /* elipse-print2.jpeg */; };
		AD4406251AED8A0700BADC06 /* elipse-print3.jpeg in Resources */ = {isa = PBXBuildFile; fileRef = AD4406201AED8A0700BADC06 /* elipse-print3.jpeg */; };
		AD4406261AED8A0700BADC06 /* elipse-print4.jpeg in Resources */ = {isa = PBXBuildFile; fileRef = AD4406211AED8A0700BADC06 /* elipse-print4.jpeg */; };
		AD4406271AED8A0700BADC06 /* elipse-print5.jpeg in Resources */ = {isa = PBXBuildFile; fileRef = AD4406221AED8A0700BADC06 /* elipse-print5.jpeg */; };
		AD44062C1AED8E2800BADC06 /* RunShadow-print1.jpeg in Resources */ = {isa = PBXBuildFile; fileRef = AD4406281AED8E2800BADC06 /* RunShadow-print1.jpeg */; };
		AD44062D1AED8E2800BADC06 /* RunShadow-print2.jpeg in Resources */ = {isa = PBXBuildFile; fileRef = AD4406291AED8E2800BADC06 /* RunShadow-print2.jpeg */; };
		AD44062E1AED8E2800BADC06 /* RunShadow-print3.jpeg in Resources */ = {isa = PBXBuildFile; fileRef = AD44062A1AED8E2800BADC06 /* RunShadow-print3.jpeg */; };
		AD44062F1AED8E2800BADC06 /* RunShadow-print4.jpeg in Resources */ = {isa = PBXBuildFile; fileRef = AD44062B1AED8E2800BADC06 /* RunShadow-print4.jpeg */; };
		AD4406311AED915500BADC06 /* enrique-icon.png in Resources */ = {isa = PBXBuildFile; fileRef = AD4406301AED915500BADC06 /* enrique-icon.png */; };
		AD4406351AED9B4400BADC06 /* RunShadow-logo.png in Resources */ = {isa = PBXBuildFile; fileRef = AD4406341AED9B4400BADC06 /* RunShadow-logo.png */; };
		AD4406381AED9D8500BADC06 /* qualities.jpg in Resources */ = {isa = PBXBuildFile; fileRef = AD4406371AED9D8500BADC06 /* qualities.jpg */; };
		AD8A078D1CD05F67007BCE53 /* NSNotificationExtensions.swift in Sources */ = {isa = PBXBuildFile; fileRef = AD8A078C1CD05F67007BCE53 /* NSNotificationExtensions.swift */; };
		AD93898A1AE6AC6900580D4A /* DetailTitleSubtitleImageTableViewCell.swift in Sources */ = {isa = PBXBuildFile; fileRef = AD9389891AE6AC6900580D4A /* DetailTitleSubtitleImageTableViewCell.swift */; };
		AD93898C1AE6AF8000580D4A /* DetailAdjustableTextTableViewCell.swift in Sources */ = {isa = PBXBuildFile; fileRef = AD93898B1AE6AF8000580D4A /* DetailAdjustableTextTableViewCell.swift */; };
		AD93898E1AE6EE8A00580D4A /* DetailLinkTableViewCell.swift in Sources */ = {isa = PBXBuildFile; fileRef = AD93898D1AE6EE8A00580D4A /* DetailLinkTableViewCell.swift */; };
		AD9389901AE70E4200580D4A /* DetailDateTableViewCell.swift in Sources */ = {isa = PBXBuildFile; fileRef = AD93898F1AE70E4200580D4A /* DetailDateTableViewCell.swift */; };
		AD9389921AE70EE800580D4A /* DetailCollectionTableViewCell.swift in Sources */ = {isa = PBXBuildFile; fileRef = AD9389911AE70EE800580D4A /* DetailCollectionTableViewCell.swift */; };
		AD9A652F1CD55DAE007C0815 /* vita_image.jpg in Resources */ = {isa = PBXBuildFile; fileRef = AD9A652E1CD55DAE007C0815 /* vita_image.jpg */; };
		AD9A65311CD55E1D007C0815 /* vita_logo.jpg in Resources */ = {isa = PBXBuildFile; fileRef = AD9A65301CD55E1D007C0815 /* vita_logo.jpg */; };
		AD9A65331CD56313007C0815 /* estacio-main.jpg in Resources */ = {isa = PBXBuildFile; fileRef = AD9A65321CD56313007C0815 /* estacio-main.jpg */; };
		AD9A65351CD5638C007C0815 /* estacio-logo-landscape.png in Resources */ = {isa = PBXBuildFile; fileRef = AD9A65341CD5638C007C0815 /* estacio-logo-landscape.png */; };
		AD9A65371CD56857007C0815 /* isobar-main.png in Resources */ = {isa = PBXBuildFile; fileRef = AD9A65361CD56857007C0815 /* isobar-main.png */; };
		AD9A65391CD56861007C0815 /* isobar-logo-landscape.png in Resources */ = {isa = PBXBuildFile; fileRef = AD9A65381CD56861007C0815 /* isobar-logo-landscape.png */; };
		AD9A653C1CD56979007C0815 /* vita-print2.jpg in Resources */ = {isa = PBXBuildFile; fileRef = AD9A653A1CD56979007C0815 /* vita-print2.jpg */; };
		AD9A653D1CD56979007C0815 /* vita-print1.jpg in Resources */ = {isa = PBXBuildFile; fileRef = AD9A653B1CD56979007C0815 /* vita-print1.jpg */; };
		ADA6D77C1CCEF7FF0081A1BA /* ShortcutManager.swift in Sources */ = {isa = PBXBuildFile; fileRef = ADA6D77B1CCEF7FF0081A1BA /* ShortcutManager.swift */; };
		ADB493191CCD5D470047D886 /* UIColorExtensions.swift in Sources */ = {isa = PBXBuildFile; fileRef = ADB493181CCD5D470047D886 /* UIColorExtensions.swift */; };
		ADB4931B1CCD5D930047D886 /* StringExtensions.swift in Sources */ = {isa = PBXBuildFile; fileRef = ADB4931A1CCD5D930047D886 /* StringExtensions.swift */; };
		ADB4931E1CCD78120047D886 /* InformationV2.json in Resources */ = {isa = PBXBuildFile; fileRef = ADB4931D1CCD78120047D886 /* InformationV2.json */; };
		ADB493201CCD7F5F0047D886 /* Section.swift in Sources */ = {isa = PBXBuildFile; fileRef = ADB4931F1CCD7F5F0047D886 /* Section.swift */; };
		ADB493221CCD86630047D886 /* InformationManager.swift in Sources */ = {isa = PBXBuildFile; fileRef = ADB493211CCD86630047D886 /* InformationManager.swift */; };
		ADC069261CD002CA00A8CB57 /* UIViewExtensions.swift in Sources */ = {isa = PBXBuildFile; fileRef = ADC069251CD002CA00A8CB57 /* UIViewExtensions.swift */; };
		ADC069281CD0090900A8CB57 /* PasteboardViewController.swift in Sources */ = {isa = PBXBuildFile; fileRef = ADC069271CD0090900A8CB57 /* PasteboardViewController.swift */; };
		ADCCD5FA1AE45FAA0061674B /* DetailTableViewController.swift in Sources */ = {isa = PBXBuildFile; fileRef = ADCCD5F91AE45FAA0061674B /* DetailTableViewController.swift */; };
		ADDB248E1ADFEA2A00FDFBE1 /* AppDelegate.swift in Sources */ = {isa = PBXBuildFile; fileRef = ADDB248D1ADFEA2A00FDFBE1 /* AppDelegate.swift */; };
		ADDB24931ADFEA2A00FDFBE1 /* Main.storyboard in Resources */ = {isa = PBXBuildFile; fileRef = ADDB24911ADFEA2A00FDFBE1 /* Main.storyboard */; };
		ADDB24951ADFEA2A00FDFBE1 /* Images.xcassets in Resources */ = {isa = PBXBuildFile; fileRef = ADDB24941ADFEA2A00FDFBE1 /* Images.xcassets */; };
		ADDB24981ADFEA2A00FDFBE1 /* LaunchScreen.xib in Resources */ = {isa = PBXBuildFile; fileRef = ADDB24961ADFEA2A00FDFBE1 /* LaunchScreen.xib */; };
/* End PBXBuildFile section */

/* Begin PBXContainerItemProxy section */
		01B3EF101CD032CB00110037 /* PBXContainerItemProxy */ = {
			isa = PBXContainerItemProxy;
			containerPortal = ADDB24801ADFEA2A00FDFBE1 /* Project object */;
			proxyType = 1;
			remoteGlobalIDString = 01B3EF0D1CD032CB00110037;
			remoteInfo = "EnquiCMWatch Extension";
		};
		01B3EF1A1CD032CB00110037 /* PBXContainerItemProxy */ = {
			isa = PBXContainerItemProxy;
			containerPortal = ADDB24801ADFEA2A00FDFBE1 /* Project object */;
			proxyType = 1;
			remoteGlobalIDString = 01B3EF011CD032CB00110037;
			remoteInfo = EnquiCMWatch;
		};
/* End PBXContainerItemProxy section */

/* Begin PBXCopyFilesBuildPhase section */
		01B3EF221CD032CC00110037 /* Embed App Extensions */ = {
			isa = PBXCopyFilesBuildPhase;
			buildActionMask = 2147483647;
			dstPath = "";
			dstSubfolderSpec = 13;
			files = (
				01B3EF0F1CD032CB00110037 /* EnquiCMWatch Extension.appex in Embed App Extensions */,
			);
			name = "Embed App Extensions";
			runOnlyForDeploymentPostprocessing = 0;
		};
		01B3EF241CD032CC00110037 /* Embed Watch Content */ = {
			isa = PBXCopyFilesBuildPhase;
			buildActionMask = 2147483647;
			dstPath = "$(CONTENTS_FOLDER_PATH)/Watch";
			dstSubfolderSpec = 16;
			files = (
				01B3EF1C1CD032CB00110037 /* EnquiCMWatch.app in Embed Watch Content */,
			);
			name = "Embed Watch Content";
			runOnlyForDeploymentPostprocessing = 0;
		};
/* End PBXCopyFilesBuildPhase section */

/* Begin PBXFileReference section */
		01B3EF021CD032CB00110037 /* EnquiCMWatch.app */ = {isa = PBXFileReference; explicitFileType = wrapper.application; includeInIndex = 0; path = EnquiCMWatch.app; sourceTree = BUILT_PRODUCTS_DIR; };
		01B3EF051CD032CB00110037 /* Base */ = {isa = PBXFileReference; lastKnownFileType = file.storyboard; name = Base; path = Base.lproj/Interface.storyboard; sourceTree = "<group>"; };
		01B3EF071CD032CB00110037 /* Assets.xcassets */ = {isa = PBXFileReference; lastKnownFileType = folder.assetcatalog; path = Assets.xcassets; sourceTree = "<group>"; };
		01B3EF091CD032CB00110037 /* Info.plist */ = {isa = PBXFileReference; lastKnownFileType = text.plist.xml; path = Info.plist; sourceTree = "<group>"; };
		01B3EF0E1CD032CB00110037 /* EnquiCMWatch Extension.appex */ = {isa = PBXFileReference; explicitFileType = "wrapper.app-extension"; includeInIndex = 0; path = "EnquiCMWatch Extension.appex"; sourceTree = BUILT_PRODUCTS_DIR; };
		01B3EF131CD032CB00110037 /* MainInterfaceController.swift */ = {isa = PBXFileReference; lastKnownFileType = sourcecode.swift; path = MainInterfaceController.swift; sourceTree = "<group>"; };
		01B3EF151CD032CB00110037 /* ExtensionDelegate.swift */ = {isa = PBXFileReference; lastKnownFileType = sourcecode.swift; path = ExtensionDelegate.swift; sourceTree = "<group>"; };
		01B3EF171CD032CB00110037 /* Assets.xcassets */ = {isa = PBXFileReference; lastKnownFileType = folder.assetcatalog; path = Assets.xcassets; sourceTree = "<group>"; };
		01B3EF191CD032CB00110037 /* Info.plist */ = {isa = PBXFileReference; lastKnownFileType = text.plist.xml; path = Info.plist; sourceTree = "<group>"; };
		01B3EF291CD0336A00110037 /* SectionTableController.swift */ = {isa = PBXFileReference; fileEncoding = 4; lastKnownFileType = sourcecode.swift; path = SectionTableController.swift; sourceTree = "<group>"; };
		01F6D2C71CD179DC008F1E10 /* DetailInterfaceController.swift */ = {isa = PBXFileReference; fileEncoding = 4; lastKnownFileType = sourcecode.swift; path = DetailInterfaceController.swift; sourceTree = "<group>"; };
		01F6D2C91CD17BB7008F1E10 /* DetailTableController.swift */ = {isa = PBXFileReference; fileEncoding = 4; lastKnownFileType = sourcecode.swift; path = DetailTableController.swift; sourceTree = "<group>"; };
		AD1A83501AE2E2E5008F336F /* CardTableViewCell.swift */ = {isa = PBXFileReference; fileEncoding = 4; lastKnownFileType = sourcecode.swift; path = CardTableViewCell.swift; sourceTree = "<group>"; };
		AD1A83521AE2E493008F336F /* Card.swift */ = {isa = PBXFileReference; fileEncoding = 4; lastKnownFileType = sourcecode.swift; name = Card.swift; path = Model/Card.swift; sourceTree = "<group>"; };
		AD1A83541AE2E606008F336F /* UITableViewCellExtensions.swift */ = {isa = PBXFileReference; fileEncoding = 4; lastKnownFileType = sourcecode.swift; path = UITableViewCellExtensions.swift; sourceTree = "<group>"; };
		AD1A835B1AE2FA90008F336F /* Information.json */ = {isa = PBXFileReference; fileEncoding = 4; lastKnownFileType = text.json; path = Information.json; sourceTree = "<group>"; };
		AD1A835E1AE34001008F336F /* TransitionDelegate.swift */ = {isa = PBXFileReference; fileEncoding = 4; lastKnownFileType = sourcecode.swift; path = TransitionDelegate.swift; sourceTree = "<group>"; };
		AD1A83601AE3402E008F336F /* TransitionPresentationAnimator.swift */ = {isa = PBXFileReference; fileEncoding = 4; lastKnownFileType = sourcecode.swift; path = TransitionPresentationAnimator.swift; sourceTree = "<group>"; };
		AD1A83621AE341B3008F336F /* TransitionDismissalAnimator.swift */ = {isa = PBXFileReference; fileEncoding = 4; lastKnownFileType = sourcecode.swift; path = TransitionDismissalAnimator.swift; sourceTree = "<group>"; };
		AD1A83641AE34240008F336F /* PresentationAnimator.swift */ = {isa = PBXFileReference; fileEncoding = 4; lastKnownFileType = sourcecode.swift; path = PresentationAnimator.swift; sourceTree = "<group>"; };
		AD1A83661AE34261008F336F /* DismissalAnimator.swift */ = {isa = PBXFileReference; fileEncoding = 4; lastKnownFileType = sourcecode.swift; path = DismissalAnimator.swift; sourceTree = "<group>"; };
		AD1A836D1AE42139008F336F /* CardHeaderTableViewCell.swift */ = {isa = PBXFileReference; fileEncoding = 4; lastKnownFileType = sourcecode.swift; name = CardHeaderTableViewCell.swift; path = Views/CardHeaderTableViewCell.swift; sourceTree = "<group>"; };
		AD2FEC2F1AE1277700EF8B65 /* BottomToUpCustomSegue.swift */ = {isa = PBXFileReference; fileEncoding = 4; lastKnownFileType = sourcecode.swift; path = BottomToUpCustomSegue.swift; sourceTree = "<group>"; };
		AD2FEC311AE1335E00EF8B65 /* CustomSegue.swift */ = {isa = PBXFileReference; fileEncoding = 4; lastKnownFileType = sourcecode.swift; path = CustomSegue.swift; sourceTree = "<group>"; };
		AD2FEC351AE13D3F00EF8B65 /* UnwindBottonToUpCustomSegue.swift */ = {isa = PBXFileReference; fileEncoding = 4; lastKnownFileType = sourcecode.swift; path = UnwindBottonToUpCustomSegue.swift; sourceTree = "<group>"; };
		AD2FEC371AE14BDA00EF8B65 /* CustomSequeUnwind.swift */ = {isa = PBXFileReference; fileEncoding = 4; lastKnownFileType = sourcecode.swift; path = CustomSequeUnwind.swift; sourceTree = "<group>"; };
		AD2FEC3D1AE1DCC300EF8B65 /* MainTableViewController.swift */ = {isa = PBXFileReference; fileEncoding = 4; lastKnownFileType = sourcecode.swift; name = MainTableViewController.swift; path = Controllers/MainTableViewController.swift; sourceTree = "<group>"; };
		AD2FEC441AE2B7E200EF8B65 /* DatabaseManager.swift */ = {isa = PBXFileReference; fileEncoding = 4; lastKnownFileType = sourcecode.swift; name = DatabaseManager.swift; path = Managers/DatabaseManager.swift; sourceTree = "<group>"; };
		AD4405941AEB47E000BADC06 /* Utils.swift */ = {isa = PBXFileReference; fileEncoding = 4; lastKnownFileType = sourcecode.swift; name = Utils.swift; path = Managers/Utils.swift; sourceTree = "<group>"; };
		AD4405961AEC23E500BADC06 /* ProjectViewController.swift */ = {isa = PBXFileReference; fileEncoding = 4; lastKnownFileType = sourcecode.swift; name = ProjectViewController.swift; path = Controllers/ProjectViewController.swift; sourceTree = "<group>"; };
		AD4405981AEC534500BADC06 /* ProjectCollectionTableViewCell.swift */ = {isa = PBXFileReference; fileEncoding = 4; lastKnownFileType = sourcecode.swift; name = ProjectCollectionTableViewCell.swift; path = Controllers/Cells/ProjectCollectionTableViewCell.swift; sourceTree = "<group>"; };
		AD44059B1AED449800BADC06 /* CTBM-logo-landscape.png */ = {isa = PBXFileReference; lastKnownFileType = image.png; path = "CTBM-logo-landscape.png"; sourceTree = "<group>"; };
		AD44059C1AED449800BADC06 /* CTBM-main.jpg */ = {isa = PBXFileReference; lastKnownFileType = image.jpeg; path = "CTBM-main.jpg"; sourceTree = "<group>"; };
		AD44059D1AED449800BADC06 /* PUCRS-logo-landscape.png */ = {isa = PBXFileReference; lastKnownFileType = image.png; path = "PUCRS-logo-landscape.png"; sourceTree = "<group>"; };
		AD44059E1AED449800BADC06 /* PUCRS-main.jpg */ = {isa = PBXFileReference; lastKnownFileType = image.jpeg; path = "PUCRS-main.jpg"; sourceTree = "<group>"; };
		AD44059F1AED449800BADC06 /* ULBRA-logo-landscape.png */ = {isa = PBXFileReference; lastKnownFileType = image.png; path = "ULBRA-logo-landscape.png"; sourceTree = "<group>"; };
		AD4405A01AED449800BADC06 /* ULBRA-main.jpg */ = {isa = PBXFileReference; lastKnownFileType = image.jpeg; path = "ULBRA-main.jpg"; sourceTree = "<group>"; };
		AD4405A71AED6C6900BADC06 /* sp-logo-landscape.png */ = {isa = PBXFileReference; lastKnownFileType = image.png; path = "sp-logo-landscape.png"; sourceTree = "<group>"; };
		AD4405A81AED6C6900BADC06 /* sp-main.png */ = {isa = PBXFileReference; lastKnownFileType = image.png; path = "sp-main.png"; sourceTree = "<group>"; };
		AD4405AC1AED6D2500BADC06 /* sp-logo.jpeg */ = {isa = PBXFileReference; lastKnownFileType = image.jpeg; path = "sp-logo.jpeg"; sourceTree = "<group>"; };
		AD4405AE1AED6E3B00BADC06 /* greenb-logo-landscape.png */ = {isa = PBXFileReference; lastKnownFileType = image.png; path = "greenb-logo-landscape.png"; sourceTree = "<group>"; };
		AD4405AF1AED6E3B00BADC06 /* greenb-main.png */ = {isa = PBXFileReference; lastKnownFileType = image.png; path = "greenb-main.png"; sourceTree = "<group>"; };
		AD4405B21AED6F0400BADC06 /* aproximar-logo.png */ = {isa = PBXFileReference; lastKnownFileType = image.png; path = "aproximar-logo.png"; sourceTree = "<group>"; };
		AD4405B41AED702000BADC06 /* nowastes-logo.png */ = {isa = PBXFileReference; lastKnownFileType = image.png; path = "nowastes-logo.png"; sourceTree = "<group>"; };
		AD4405B71AED706E00BADC06 /* torneio.jpg */ = {isa = PBXFileReference; lastKnownFileType = image.jpeg; path = torneio.jpg; sourceTree = "<group>"; };
		AD4405B91AED71E600BADC06 /* bepid-main.png */ = {isa = PBXFileReference; lastKnownFileType = image.png; path = "bepid-main.png"; sourceTree = "<group>"; };
		AD4405BB1AED729500BADC06 /* gogobirdie-logo.jpg */ = {isa = PBXFileReference; lastKnownFileType = image.jpeg; path = "gogobirdie-logo.jpg"; sourceTree = "<group>"; };
		AD4405BD1AED73C000BADC06 /* sikur-logo.png */ = {isa = PBXFileReference; lastKnownFileType = image.png; path = "sikur-logo.png"; sourceTree = "<group>"; };
		AD4405BF1AED73EF00BADC06 /* ciberbras-main.jpg */ = {isa = PBXFileReference; lastKnownFileType = image.jpeg; path = "ciberbras-main.jpg"; sourceTree = "<group>"; };
		AD4405C11AED73F600BADC06 /* ciberbras-logo-landscape.png */ = {isa = PBXFileReference; lastKnownFileType = image.png; path = "ciberbras-logo-landscape.png"; sourceTree = "<group>"; };
		AD4405C31AED742400BADC06 /* elipse-logo-landscape.png */ = {isa = PBXFileReference; lastKnownFileType = image.png; path = "elipse-logo-landscape.png"; sourceTree = "<group>"; };
		AD4405C51AED746900BADC06 /* elipse-main.png */ = {isa = PBXFileReference; lastKnownFileType = image.png; path = "elipse-main.png"; sourceTree = "<group>"; };
		AD4405C71AED74E300BADC06 /* elipse-logo.jpeg */ = {isa = PBXFileReference; lastKnownFileType = image.jpeg; path = "elipse-logo.jpeg"; sourceTree = "<group>"; };
		AD4405CA1AED774C00BADC06 /* backend-dev-main.jpg */ = {isa = PBXFileReference; lastKnownFileType = image.jpeg; path = "backend-dev-main.jpg"; sourceTree = "<group>"; };
		AD4405CC1AED775400BADC06 /* aws.png */ = {isa = PBXFileReference; lastKnownFileType = image.png; path = aws.png; sourceTree = "<group>"; };
		AD4405CD1AED775400BADC06 /* js.png */ = {isa = PBXFileReference; lastKnownFileType = image.png; path = js.png; sourceTree = "<group>"; };
		AD4405CE1AED775400BADC06 /* mysql.png */ = {isa = PBXFileReference; lastKnownFileType = image.png; path = mysql.png; sourceTree = "<group>"; };
		AD4405CF1AED775400BADC06 /* node.png */ = {isa = PBXFileReference; lastKnownFileType = image.png; path = node.png; sourceTree = "<group>"; };
		AD4405D01AED775400BADC06 /* spa.png */ = {isa = PBXFileReference; lastKnownFileType = image.png; path = spa.png; sourceTree = "<group>"; };
		AD4405D61AED787900BADC06 /* code-main.jpeg */ = {isa = PBXFileReference; lastKnownFileType = image.jpeg; path = "code-main.jpeg"; sourceTree = "<group>"; };
		AD4405D91AED795700BADC06 /* volunteers.png */ = {isa = PBXFileReference; lastKnownFileType = image.png; path = volunteers.png; sourceTree = "<group>"; };
		AD4405DB1AED7DAA00BADC06 /* prize.jpg */ = {isa = PBXFileReference; lastKnownFileType = image.jpeg; path = prize.jpg; sourceTree = "<group>"; };
		AD4405DD1AED7F6B00BADC06 /* prize-image1.jpg */ = {isa = PBXFileReference; lastKnownFileType = image.jpeg; path = "prize-image1.jpg"; sourceTree = "<group>"; };
		AD4405E01AED865F00BADC06 /* sp-print1.jpeg */ = {isa = PBXFileReference; lastKnownFileType = image.jpeg; path = "sp-print1.jpeg"; sourceTree = "<group>"; };
		AD4405E11AED865F00BADC06 /* sp-print2.jpeg */ = {isa = PBXFileReference; lastKnownFileType = image.jpeg; path = "sp-print2.jpeg"; sourceTree = "<group>"; };
		AD4405E21AED865F00BADC06 /* sp-print3.jpeg */ = {isa = PBXFileReference; lastKnownFileType = image.jpeg; path = "sp-print3.jpeg"; sourceTree = "<group>"; };
		AD4405E31AED865F00BADC06 /* sp-print4.jpeg */ = {isa = PBXFileReference; lastKnownFileType = image.jpeg; path = "sp-print4.jpeg"; sourceTree = "<group>"; };
		AD4405E41AED865F00BADC06 /* sp-print5.jpeg */ = {isa = PBXFileReference; lastKnownFileType = image.jpeg; path = "sp-print5.jpeg"; sourceTree = "<group>"; };
		AD4405EA1AED868600BADC06 /* aproximar1.png */ = {isa = PBXFileReference; lastKnownFileType = image.png; path = aproximar1.png; sourceTree = "<group>"; };
		AD4405EB1AED868600BADC06 /* aproximar2.png */ = {isa = PBXFileReference; lastKnownFileType = image.png; path = aproximar2.png; sourceTree = "<group>"; };
		AD4405EC1AED868600BADC06 /* aproximar3.png */ = {isa = PBXFileReference; lastKnownFileType = image.png; path = aproximar3.png; sourceTree = "<group>"; };
		AD4405ED1AED868600BADC06 /* aproximar4.png */ = {isa = PBXFileReference; lastKnownFileType = image.png; path = aproximar4.png; sourceTree = "<group>"; };
		AD4405EE1AED868600BADC06 /* aproximar5.png */ = {isa = PBXFileReference; lastKnownFileType = image.png; path = aproximar5.png; sourceTree = "<group>"; };
		AD4405EF1AED868600BADC06 /* aproximar6.png */ = {isa = PBXFileReference; lastKnownFileType = image.png; path = aproximar6.png; sourceTree = "<group>"; };
		AD4405F01AED868600BADC06 /* aproximar7.png */ = {isa = PBXFileReference; lastKnownFileType = image.png; path = aproximar7.png; sourceTree = "<group>"; };
		AD4405F11AED868600BADC06 /* aproximar8.png */ = {isa = PBXFileReference; lastKnownFileType = image.png; path = aproximar8.png; sourceTree = "<group>"; };
		AD4405F21AED868600BADC06 /* aproximar9.png */ = {isa = PBXFileReference; lastKnownFileType = image.png; path = aproximar9.png; sourceTree = "<group>"; };
		AD4405F31AED868600BADC06 /* aproximar10.png */ = {isa = PBXFileReference; lastKnownFileType = image.png; path = aproximar10.png; sourceTree = "<group>"; };
		AD4405F41AED868600BADC06 /* aproximar11.png */ = {isa = PBXFileReference; lastKnownFileType = image.png; path = aproximar11.png; sourceTree = "<group>"; };
		AD4406001AED869D00BADC06 /* nowastes-print1.jpeg */ = {isa = PBXFileReference; lastKnownFileType = image.jpeg; path = "nowastes-print1.jpeg"; sourceTree = "<group>"; };
		AD4406011AED869D00BADC06 /* nowastes-print2.jpeg */ = {isa = PBXFileReference; lastKnownFileType = image.jpeg; path = "nowastes-print2.jpeg"; sourceTree = "<group>"; };
		AD4406021AED869D00BADC06 /* nowastes-print3.jpeg */ = {isa = PBXFileReference; lastKnownFileType = image.jpeg; path = "nowastes-print3.jpeg"; sourceTree = "<group>"; };
		AD4406041AED869D00BADC06 /* nowastes-print5.jpeg */ = {isa = PBXFileReference; lastKnownFileType = image.jpeg; path = "nowastes-print5.jpeg"; sourceTree = "<group>"; };
		AD44060A1AED86D600BADC06 /* nowastes-print4.jpeg */ = {isa = PBXFileReference; lastKnownFileType = image.jpeg; path = "nowastes-print4.jpeg"; sourceTree = "<group>"; };
		AD44060C1AED879300BADC06 /* gogobirdie-print1.jpeg */ = {isa = PBXFileReference; lastKnownFileType = image.jpeg; path = "gogobirdie-print1.jpeg"; sourceTree = "<group>"; };
		AD44060D1AED879300BADC06 /* gogobirdie-print2.jpeg */ = {isa = PBXFileReference; lastKnownFileType = image.jpeg; path = "gogobirdie-print2.jpeg"; sourceTree = "<group>"; };
		AD44060E1AED879300BADC06 /* gogobirdie-print3.jpeg */ = {isa = PBXFileReference; lastKnownFileType = image.jpeg; path = "gogobirdie-print3.jpeg"; sourceTree = "<group>"; };
		AD44060F1AED879300BADC06 /* gogobirdie-print4.jpeg */ = {isa = PBXFileReference; lastKnownFileType = image.jpeg; path = "gogobirdie-print4.jpeg"; sourceTree = "<group>"; };
		AD4406101AED879300BADC06 /* gogobirdie-print5.jpeg */ = {isa = PBXFileReference; lastKnownFileType = image.jpeg; path = "gogobirdie-print5.jpeg"; sourceTree = "<group>"; };
		AD4406161AED888C00BADC06 /* Sikur-print1.jpeg */ = {isa = PBXFileReference; lastKnownFileType = image.jpeg; path = "Sikur-print1.jpeg"; sourceTree = "<group>"; };
		AD4406171AED888C00BADC06 /* Sikur-print2.jpeg */ = {isa = PBXFileReference; lastKnownFileType = image.jpeg; path = "Sikur-print2.jpeg"; sourceTree = "<group>"; };
		AD4406181AED888C00BADC06 /* Sikur-print3.jpeg */ = {isa = PBXFileReference; lastKnownFileType = image.jpeg; path = "Sikur-print3.jpeg"; sourceTree = "<group>"; };
		AD4406191AED888C00BADC06 /* Sikur-print4.jpeg */ = {isa = PBXFileReference; lastKnownFileType = image.jpeg; path = "Sikur-print4.jpeg"; sourceTree = "<group>"; };
		AD44061E1AED8A0700BADC06 /* elipse-print1.jpeg */ = {isa = PBXFileReference; lastKnownFileType = image.jpeg; path = "elipse-print1.jpeg"; sourceTree = "<group>"; };
		AD44061F1AED8A0700BADC06 /* elipse-print2.jpeg */ = {isa = PBXFileReference; lastKnownFileType = image.jpeg; path = "elipse-print2.jpeg"; sourceTree = "<group>"; };
		AD4406201AED8A0700BADC06 /* elipse-print3.jpeg */ = {isa = PBXFileReference; lastKnownFileType = image.jpeg; path = "elipse-print3.jpeg"; sourceTree = "<group>"; };
		AD4406211AED8A0700BADC06 /* elipse-print4.jpeg */ = {isa = PBXFileReference; lastKnownFileType = image.jpeg; path = "elipse-print4.jpeg"; sourceTree = "<group>"; };
		AD4406221AED8A0700BADC06 /* elipse-print5.jpeg */ = {isa = PBXFileReference; lastKnownFileType = image.jpeg; path = "elipse-print5.jpeg"; sourceTree = "<group>"; };
		AD4406281AED8E2800BADC06 /* RunShadow-print1.jpeg */ = {isa = PBXFileReference; lastKnownFileType = image.jpeg; path = "RunShadow-print1.jpeg"; sourceTree = "<group>"; };
		AD4406291AED8E2800BADC06 /* RunShadow-print2.jpeg */ = {isa = PBXFileReference; lastKnownFileType = image.jpeg; path = "RunShadow-print2.jpeg"; sourceTree = "<group>"; };
		AD44062A1AED8E2800BADC06 /* RunShadow-print3.jpeg */ = {isa = PBXFileReference; lastKnownFileType = image.jpeg; path = "RunShadow-print3.jpeg"; sourceTree = "<group>"; };
		AD44062B1AED8E2800BADC06 /* RunShadow-print4.jpeg */ = {isa = PBXFileReference; lastKnownFileType = image.jpeg; path = "RunShadow-print4.jpeg"; sourceTree = "<group>"; };
		AD4406301AED915500BADC06 /* enrique-icon.png */ = {isa = PBXFileReference; lastKnownFileType = image.png; path = "enrique-icon.png"; sourceTree = "<group>"; };
		AD4406341AED9B4400BADC06 /* RunShadow-logo.png */ = {isa = PBXFileReference; lastKnownFileType = image.png; path = "RunShadow-logo.png"; sourceTree = "<group>"; };
		AD4406371AED9D8500BADC06 /* qualities.jpg */ = {isa = PBXFileReference; lastKnownFileType = image.jpeg; path = qualities.jpg; sourceTree = "<group>"; };
		AD8A078A1CD03A5D007BCE53 /* EnquiCMWatch.entitlements */ = {isa = PBXFileReference; lastKnownFileType = text.xml; path = EnquiCMWatch.entitlements; sourceTree = "<group>"; };
		AD8A078B1CD03BF6007BCE53 /* EnriqueCM.entitlements */ = {isa = PBXFileReference; lastKnownFileType = text.xml; path = EnriqueCM.entitlements; sourceTree = "<group>"; };
		AD8A078C1CD05F67007BCE53 /* NSNotificationExtensions.swift */ = {isa = PBXFileReference; fileEncoding = 4; lastKnownFileType = sourcecode.swift; path = NSNotificationExtensions.swift; sourceTree = "<group>"; };
		AD9389891AE6AC6900580D4A /* DetailTitleSubtitleImageTableViewCell.swift */ = {isa = PBXFileReference; fileEncoding = 4; lastKnownFileType = sourcecode.swift; name = DetailTitleSubtitleImageTableViewCell.swift; path = Controllers/Cells/DetailTitleSubtitleImageTableViewCell.swift; sourceTree = "<group>"; };
		AD93898B1AE6AF8000580D4A /* DetailAdjustableTextTableViewCell.swift */ = {isa = PBXFileReference; fileEncoding = 4; lastKnownFileType = sourcecode.swift; name = DetailAdjustableTextTableViewCell.swift; path = Controllers/Cells/DetailAdjustableTextTableViewCell.swift; sourceTree = "<group>"; };
		AD93898D1AE6EE8A00580D4A /* DetailLinkTableViewCell.swift */ = {isa = PBXFileReference; fileEncoding = 4; lastKnownFileType = sourcecode.swift; name = DetailLinkTableViewCell.swift; path = Controllers/Cells/DetailLinkTableViewCell.swift; sourceTree = "<group>"; };
		AD93898F1AE70E4200580D4A /* DetailDateTableViewCell.swift */ = {isa = PBXFileReference; fileEncoding = 4; lastKnownFileType = sourcecode.swift; name = DetailDateTableViewCell.swift; path = Controllers/Cells/DetailDateTableViewCell.swift; sourceTree = "<group>"; };
		AD9389911AE70EE800580D4A /* DetailCollectionTableViewCell.swift */ = {isa = PBXFileReference; fileEncoding = 4; lastKnownFileType = sourcecode.swift; name = DetailCollectionTableViewCell.swift; path = Controllers/Cells/DetailCollectionTableViewCell.swift; sourceTree = "<group>"; };
		AD9A652E1CD55DAE007C0815 /* vita_image.jpg */ = {isa = PBXFileReference; lastKnownFileType = image.jpeg; path = vita_image.jpg; sourceTree = "<group>"; };
		AD9A65301CD55E1D007C0815 /* vita_logo.jpg */ = {isa = PBXFileReference; lastKnownFileType = image.jpeg; path = vita_logo.jpg; sourceTree = "<group>"; };
		AD9A65321CD56313007C0815 /* estacio-main.jpg */ = {isa = PBXFileReference; lastKnownFileType = image.jpeg; path = "estacio-main.jpg"; sourceTree = "<group>"; };
		AD9A65341CD5638C007C0815 /* estacio-logo-landscape.png */ = {isa = PBXFileReference; lastKnownFileType = image.png; path = "estacio-logo-landscape.png"; sourceTree = "<group>"; };
		AD9A65361CD56857007C0815 /* isobar-main.png */ = {isa = PBXFileReference; lastKnownFileType = image.png; path = "isobar-main.png"; sourceTree = "<group>"; };
		AD9A65381CD56861007C0815 /* isobar-logo-landscape.png */ = {isa = PBXFileReference; lastKnownFileType = image.png; path = "isobar-logo-landscape.png"; sourceTree = "<group>"; };
		AD9A653A1CD56979007C0815 /* vita-print2.jpg */ = {isa = PBXFileReference; lastKnownFileType = image.jpeg; path = "vita-print2.jpg"; sourceTree = "<group>"; };
		AD9A653B1CD56979007C0815 /* vita-print1.jpg */ = {isa = PBXFileReference; lastKnownFileType = image.jpeg; path = "vita-print1.jpg"; sourceTree = "<group>"; };
		ADA6D77B1CCEF7FF0081A1BA /* ShortcutManager.swift */ = {isa = PBXFileReference; fileEncoding = 4; lastKnownFileType = sourcecode.swift; path = ShortcutManager.swift; sourceTree = "<group>"; };
		ADB493181CCD5D470047D886 /* UIColorExtensions.swift */ = {isa = PBXFileReference; fileEncoding = 4; lastKnownFileType = sourcecode.swift; path = UIColorExtensions.swift; sourceTree = "<group>"; };
		ADB4931A1CCD5D930047D886 /* StringExtensions.swift */ = {isa = PBXFileReference; fileEncoding = 4; lastKnownFileType = sourcecode.swift; path = StringExtensions.swift; sourceTree = "<group>"; };
		ADB4931D1CCD78120047D886 /* InformationV2.json */ = {isa = PBXFileReference; fileEncoding = 4; lastKnownFileType = text.json; path = InformationV2.json; sourceTree = "<group>"; };
		ADB4931F1CCD7F5F0047D886 /* Section.swift */ = {isa = PBXFileReference; fileEncoding = 4; lastKnownFileType = sourcecode.swift; path = Section.swift; sourceTree = "<group>"; };
		ADB493211CCD86630047D886 /* InformationManager.swift */ = {isa = PBXFileReference; fileEncoding = 4; lastKnownFileType = sourcecode.swift; path = InformationManager.swift; sourceTree = "<group>"; };
		ADC069251CD002CA00A8CB57 /* UIViewExtensions.swift */ = {isa = PBXFileReference; fileEncoding = 4; lastKnownFileType = sourcecode.swift; path = UIViewExtensions.swift; sourceTree = "<group>"; };
		ADC069271CD0090900A8CB57 /* PasteboardViewController.swift */ = {isa = PBXFileReference; fileEncoding = 4; lastKnownFileType = sourcecode.swift; path = PasteboardViewController.swift; sourceTree = "<group>"; };
		ADCCD5F91AE45FAA0061674B /* DetailTableViewController.swift */ = {isa = PBXFileReference; fileEncoding = 4; lastKnownFileType = sourcecode.swift; name = DetailTableViewController.swift; path = Controllers/DetailTableViewController.swift; sourceTree = "<group>"; };
		ADDB24881ADFEA2A00FDFBE1 /* EnriqueCM.app */ = {isa = PBXFileReference; explicitFileType = wrapper.application; includeInIndex = 0; path = EnriqueCM.app; sourceTree = BUILT_PRODUCTS_DIR; };
		ADDB248C1ADFEA2A00FDFBE1 /* Info.plist */ = {isa = PBXFileReference; lastKnownFileType = text.plist.xml; path = Info.plist; sourceTree = "<group>"; };
		ADDB248D1ADFEA2A00FDFBE1 /* AppDelegate.swift */ = {isa = PBXFileReference; lastKnownFileType = sourcecode.swift; path = AppDelegate.swift; sourceTree = "<group>"; };
		ADDB24921ADFEA2A00FDFBE1 /* Base */ = {isa = PBXFileReference; lastKnownFileType = file.storyboard; name = Base; path = Base.lproj/Main.storyboard; sourceTree = "<group>"; };
		ADDB24941ADFEA2A00FDFBE1 /* Images.xcassets */ = {isa = PBXFileReference; lastKnownFileType = folder.assetcatalog; path = Images.xcassets; sourceTree = "<group>"; };
		ADDB24971ADFEA2A00FDFBE1 /* Base */ = {isa = PBXFileReference; lastKnownFileType = file.xib; name = Base; path = Base.lproj/LaunchScreen.xib; sourceTree = "<group>"; };
		ADDB24A21ADFEA2A00FDFBE1 /* Info.plist */ = {isa = PBXFileReference; lastKnownFileType = text.plist.xml; path = Info.plist; sourceTree = "<group>"; };
		ADDB24A31ADFEA2A00FDFBE1 /* EnriqueCMTests.swift */ = {isa = PBXFileReference; lastKnownFileType = sourcecode.swift; path = EnriqueCMTests.swift; sourceTree = "<group>"; };
/* End PBXFileReference section */

/* Begin PBXFrameworksBuildPhase section */
		01B3EF0B1CD032CB00110037 /* Frameworks */ = {
			isa = PBXFrameworksBuildPhase;
			buildActionMask = 2147483647;
			files = (
			);
			runOnlyForDeploymentPostprocessing = 0;
		};
		ADDB24851ADFEA2A00FDFBE1 /* Frameworks */ = {
			isa = PBXFrameworksBuildPhase;
			buildActionMask = 2147483647;
			files = (
			);
			runOnlyForDeploymentPostprocessing = 0;
		};
/* End PBXFrameworksBuildPhase section */

/* Begin PBXGroup section */
		01B3EF031CD032CB00110037 /* EnquiCMWatch */ = {
			isa = PBXGroup;
			children = (
				AD8A078A1CD03A5D007BCE53 /* EnquiCMWatch.entitlements */,
				01B3EF041CD032CB00110037 /* Interface.storyboard */,
				01B3EF071CD032CB00110037 /* Assets.xcassets */,
				01B3EF091CD032CB00110037 /* Info.plist */,
			);
			path = EnquiCMWatch;
			sourceTree = "<group>";
		};
		01B3EF121CD032CB00110037 /* EnquiCMWatch Extension */ = {
			isa = PBXGroup;
			children = (
				01F6D2C51CD179B5008F1E10 /* Detail */,
				01F6D2C41CD179A7008F1E10 /* Main */,
				01B3EF151CD032CB00110037 /* ExtensionDelegate.swift */,
				01B3EF171CD032CB00110037 /* Assets.xcassets */,
				01B3EF191CD032CB00110037 /* Info.plist */,
			);
			path = "EnquiCMWatch Extension";
			sourceTree = "<group>";
		};
		01F6D2C41CD179A7008F1E10 /* Main */ = {
			isa = PBXGroup;
			children = (
				01B3EF291CD0336A00110037 /* SectionTableController.swift */,
				01B3EF131CD032CB00110037 /* MainInterfaceController.swift */,
			);
			name = Main;
			sourceTree = "<group>";
		};
		01F6D2C51CD179B5008F1E10 /* Detail */ = {
			isa = PBXGroup;
			children = (
				01F6D2C71CD179DC008F1E10 /* DetailInterfaceController.swift */,
				01F6D2C91CD17BB7008F1E10 /* DetailTableController.swift */,
			);
			name = Detail;
			sourceTree = "<group>";
		};
		AD1A835D1AE33FBE008F336F /* Transitions */ = {
			isa = PBXGroup;
			children = (
				AD1A835E1AE34001008F336F /* TransitionDelegate.swift */,
				AD1A83601AE3402E008F336F /* TransitionPresentationAnimator.swift */,
				AD1A83621AE341B3008F336F /* TransitionDismissalAnimator.swift */,
				AD1A83641AE34240008F336F /* PresentationAnimator.swift */,
				AD1A83661AE34261008F336F /* DismissalAnimator.swift */,
			);
			name = Transitions;
			sourceTree = "<group>";
		};
		AD1A836C1AE420F3008F336F /* Views */ = {
			isa = PBXGroup;
			children = (
				AD1A836D1AE42139008F336F /* CardHeaderTableViewCell.swift */,
			);
			name = Views;
			sourceTree = "<group>";
		};
		AD2FEC3C1AE1DC9200EF8B65 /* Controllers */ = {
			isa = PBXGroup;
			children = (
				ADC069271CD0090900A8CB57 /* PasteboardViewController.swift */,
				AD2FEC3D1AE1DCC300EF8B65 /* MainTableViewController.swift */,
				ADCCD5F91AE45FAA0061674B /* DetailTableViewController.swift */,
				AD4405961AEC23E500BADC06 /* ProjectViewController.swift */,
				AD9389881AE6ABF900580D4A /* Cells */,
			);
			name = Controllers;
			sourceTree = "<group>";
		};
		AD2FEC3F1AE1DD0500EF8B65 /* Managers */ = {
			isa = PBXGroup;
			children = (
				AD2FEC441AE2B7E200EF8B65 /* DatabaseManager.swift */,
				AD4405941AEB47E000BADC06 /* Utils.swift */,
				ADB493211CCD86630047D886 /* InformationManager.swift */,
				ADA6D77B1CCEF7FF0081A1BA /* ShortcutManager.swift */,
			);
			name = Managers;
			sourceTree = "<group>";
		};
		AD2FEC401AE1DD1E00EF8B65 /* Model */ = {
			isa = PBXGroup;
			children = (
				AD1A83521AE2E493008F336F /* Card.swift */,
				ADB4931F1CCD7F5F0047D886 /* Section.swift */,
			);
			name = Model;
			sourceTree = "<group>";
		};
		AD2FEC411AE2B1AD00EF8B65 /* CustomSegue */ = {
			isa = PBXGroup;
			children = (
				AD2FEC2F1AE1277700EF8B65 /* BottomToUpCustomSegue.swift */,
				AD2FEC311AE1335E00EF8B65 /* CustomSegue.swift */,
				AD2FEC371AE14BDA00EF8B65 /* CustomSequeUnwind.swift */,
				AD2FEC351AE13D3F00EF8B65 /* UnwindBottonToUpCustomSegue.swift */,
			);
			name = CustomSegue;
			sourceTree = "<group>";
		};
		AD44059A1AED43BF00BADC06 /* Experience */ = {
			isa = PBXGroup;
			children = (
				AD9A65381CD56861007C0815 /* isobar-logo-landscape.png */,
				AD9A65361CD56857007C0815 /* isobar-main.png */,
				AD4405A71AED6C6900BADC06 /* sp-logo-landscape.png */,
				AD4405A81AED6C6900BADC06 /* sp-main.png */,
				AD4405AE1AED6E3B00BADC06 /* greenb-logo-landscape.png */,
				AD4405AF1AED6E3B00BADC06 /* greenb-main.png */,
				AD4405B91AED71E600BADC06 /* bepid-main.png */,
				AD4405BF1AED73EF00BADC06 /* ciberbras-main.jpg */,
				AD4405C11AED73F600BADC06 /* ciberbras-logo-landscape.png */,
				AD4405C51AED746900BADC06 /* elipse-main.png */,
				AD4405C31AED742400BADC06 /* elipse-logo-landscape.png */,
			);
			name = Experience;
			sourceTree = "<group>";
		};
		AD4405AB1AED6D1100BADC06 /* Projects */ = {
			isa = PBXGroup;
			children = (
				AD4405DF1AED822900BADC06 /* Screenshots */,
				AD4405AC1AED6D2500BADC06 /* sp-logo.jpeg */,
				AD4405B21AED6F0400BADC06 /* aproximar-logo.png */,
				AD4405B41AED702000BADC06 /* nowastes-logo.png */,
				AD4405BB1AED729500BADC06 /* gogobirdie-logo.jpg */,
				AD4405BD1AED73C000BADC06 /* sikur-logo.png */,
				AD4405C71AED74E300BADC06 /* elipse-logo.jpeg */,
				AD4406341AED9B4400BADC06 /* RunShadow-logo.png */,
				AD9A65301CD55E1D007C0815 /* vita_logo.jpg */,
			);
			name = Projects;
			sourceTree = "<group>";
		};
		AD4405B61AED706300BADC06 /* Honor */ = {
			isa = PBXGroup;
			children = (
				AD9A652E1CD55DAE007C0815 /* vita_image.jpg */,
				AD4405B71AED706E00BADC06 /* torneio.jpg */,
				AD4405DB1AED7DAA00BADC06 /* prize.jpg */,
				AD4405DD1AED7F6B00BADC06 /* prize-image1.jpg */,
			);
			name = Honor;
			sourceTree = "<group>";
		};
		AD4405C91AED769700BADC06 /* Skills */ = {
			isa = PBXGroup;
			children = (
				AD4405CA1AED774C00BADC06 /* backend-dev-main.jpg */,
				AD4405CC1AED775400BADC06 /* aws.png */,
				AD4405CD1AED775400BADC06 /* js.png */,
				AD4405CE1AED775400BADC06 /* mysql.png */,
				AD4405CF1AED775400BADC06 /* node.png */,
				AD4405D01AED775400BADC06 /* spa.png */,
				AD4405D61AED787900BADC06 /* code-main.jpeg */,
			);
			name = Skills;
			sourceTree = "<group>";
		};
		AD4405D81AED794300BADC06 /* Volunteer */ = {
			isa = PBXGroup;
			children = (
				AD4405D91AED795700BADC06 /* volunteers.png */,
			);
			name = Volunteer;
			sourceTree = "<group>";
		};
		AD4405DF1AED822900BADC06 /* Screenshots */ = {
			isa = PBXGroup;
			children = (
				AD4405E01AED865F00BADC06 /* sp-print1.jpeg */,
				AD4405E11AED865F00BADC06 /* sp-print2.jpeg */,
				AD4405E21AED865F00BADC06 /* sp-print3.jpeg */,
				AD4405E31AED865F00BADC06 /* sp-print4.jpeg */,
				AD4405E41AED865F00BADC06 /* sp-print5.jpeg */,
				AD4405EA1AED868600BADC06 /* aproximar1.png */,
				AD4405EB1AED868600BADC06 /* aproximar2.png */,
				AD4405EC1AED868600BADC06 /* aproximar3.png */,
				AD4405ED1AED868600BADC06 /* aproximar4.png */,
				AD4405EE1AED868600BADC06 /* aproximar5.png */,
				AD4405EF1AED868600BADC06 /* aproximar6.png */,
				AD4405F01AED868600BADC06 /* aproximar7.png */,
				AD4405F11AED868600BADC06 /* aproximar8.png */,
				AD4405F21AED868600BADC06 /* aproximar9.png */,
				AD4405F31AED868600BADC06 /* aproximar10.png */,
				AD4405F41AED868600BADC06 /* aproximar11.png */,
				AD4406001AED869D00BADC06 /* nowastes-print1.jpeg */,
				AD4406011AED869D00BADC06 /* nowastes-print2.jpeg */,
				AD4406021AED869D00BADC06 /* nowastes-print3.jpeg */,
				AD44060A1AED86D600BADC06 /* nowastes-print4.jpeg */,
				AD4406041AED869D00BADC06 /* nowastes-print5.jpeg */,
				AD44060C1AED879300BADC06 /* gogobirdie-print1.jpeg */,
				AD44060D1AED879300BADC06 /* gogobirdie-print2.jpeg */,
				AD44060E1AED879300BADC06 /* gogobirdie-print3.jpeg */,
				AD44060F1AED879300BADC06 /* gogobirdie-print4.jpeg */,
				AD4406101AED879300BADC06 /* gogobirdie-print5.jpeg */,
				AD4406161AED888C00BADC06 /* Sikur-print1.jpeg */,
				AD4406171AED888C00BADC06 /* Sikur-print2.jpeg */,
				AD4406181AED888C00BADC06 /* Sikur-print3.jpeg */,
				AD4406191AED888C00BADC06 /* Sikur-print4.jpeg */,
				AD44061E1AED8A0700BADC06 /* elipse-print1.jpeg */,
				AD44061F1AED8A0700BADC06 /* elipse-print2.jpeg */,
				AD4406201AED8A0700BADC06 /* elipse-print3.jpeg */,
				AD4406211AED8A0700BADC06 /* elipse-print4.jpeg */,
				AD4406221AED8A0700BADC06 /* elipse-print5.jpeg */,
				AD4406281AED8E2800BADC06 /* RunShadow-print1.jpeg */,
				AD4406291AED8E2800BADC06 /* RunShadow-print2.jpeg */,
				AD44062A1AED8E2800BADC06 /* RunShadow-print3.jpeg */,
				AD44062B1AED8E2800BADC06 /* RunShadow-print4.jpeg */,
				AD9A653B1CD56979007C0815 /* vita-print1.jpg */,
				AD9A653A1CD56979007C0815 /* vita-print2.jpg */,
			);
			name = Screenshots;
			sourceTree = "<group>";
		};
		AD4406361AED9D7800BADC06 /* Qualities */ = {
			isa = PBXGroup;
			children = (
				AD4406371AED9D8500BADC06 /* qualities.jpg */,
			);
			name = Qualities;
			sourceTree = "<group>";
		};
		AD9389881AE6ABF900580D4A /* Cells */ = {
			isa = PBXGroup;
			children = (
				AD1A83501AE2E2E5008F336F /* CardTableViewCell.swift */,
				AD9389891AE6AC6900580D4A /* DetailTitleSubtitleImageTableViewCell.swift */,
				AD93898B1AE6AF8000580D4A /* DetailAdjustableTextTableViewCell.swift */,
				AD93898D1AE6EE8A00580D4A /* DetailLinkTableViewCell.swift */,
				AD93898F1AE70E4200580D4A /* DetailDateTableViewCell.swift */,
				AD9389911AE70EE800580D4A /* DetailCollectionTableViewCell.swift */,
				AD4405981AEC534500BADC06 /* ProjectCollectionTableViewCell.swift */,
			);
			name = Cells;
			sourceTree = "<group>";
		};
		ADB493171CCD5D0B0047D886 /* Extensions */ = {
			isa = PBXGroup;
			children = (
				AD1A83541AE2E606008F336F /* UITableViewCellExtensions.swift */,
				ADB493181CCD5D470047D886 /* UIColorExtensions.swift */,
				ADB4931A1CCD5D930047D886 /* StringExtensions.swift */,
				ADC069251CD002CA00A8CB57 /* UIViewExtensions.swift */,
				AD8A078C1CD05F67007BCE53 /* NSNotificationExtensions.swift */,
			);
			name = Extensions;
			sourceTree = "<group>";
		};
		ADB4931C1CCD643B0047D886 /* Information */ = {
			isa = PBXGroup;
			children = (
				AD1A835B1AE2FA90008F336F /* Information.json */,
				ADB4931D1CCD78120047D886 /* InformationV2.json */,
				ADCCD5FD1AE474B80061674B /* Assets */,
			);
			name = Information;
			sourceTree = "<group>";
		};
		ADBA09241AEA816B00DC2B24 /* PersonalDetails */ = {
			isa = PBXGroup;
			children = (
				AD4406301AED915500BADC06 /* enrique-icon.png */,
			);
			name = PersonalDetails;
			sourceTree = "<group>";
		};
		ADBA09251AEA817A00DC2B24 /* Education */ = {
			isa = PBXGroup;
			children = (
				AD44059B1AED449800BADC06 /* CTBM-logo-landscape.png */,
				AD44059C1AED449800BADC06 /* CTBM-main.jpg */,
				AD44059D1AED449800BADC06 /* PUCRS-logo-landscape.png */,
				AD44059E1AED449800BADC06 /* PUCRS-main.jpg */,
				AD44059F1AED449800BADC06 /* ULBRA-logo-landscape.png */,
				AD4405A01AED449800BADC06 /* ULBRA-main.jpg */,
				AD9A65321CD56313007C0815 /* estacio-main.jpg */,
				AD9A65341CD5638C007C0815 /* estacio-logo-landscape.png */,
			);
			name = Education;
			sourceTree = "<group>";
		};
		ADCCD5FD1AE474B80061674B /* Assets */ = {
			isa = PBXGroup;
			children = (
				ADBA09241AEA816B00DC2B24 /* PersonalDetails */,
				ADBA09251AEA817A00DC2B24 /* Education */,
				AD44059A1AED43BF00BADC06 /* Experience */,
				AD4405AB1AED6D1100BADC06 /* Projects */,
				AD4405C91AED769700BADC06 /* Skills */,
				AD4406361AED9D7800BADC06 /* Qualities */,
				AD4405D81AED794300BADC06 /* Volunteer */,
				AD4405B61AED706300BADC06 /* Honor */,
			);
			name = Assets;
			sourceTree = "<group>";
		};
		ADDB247F1ADFEA2A00FDFBE1 = {
			isa = PBXGroup;
			children = (
				ADDB248A1ADFEA2A00FDFBE1 /* EnriqueCM */,
				ADDB24A01ADFEA2A00FDFBE1 /* EnriqueCMTests */,
				01B3EF031CD032CB00110037 /* EnquiCMWatch */,
				01B3EF121CD032CB00110037 /* EnquiCMWatch Extension */,
				ADDB24891ADFEA2A00FDFBE1 /* Products */,
			);
			sourceTree = "<group>";
		};
		ADDB24891ADFEA2A00FDFBE1 /* Products */ = {
			isa = PBXGroup;
			children = (
				ADDB24881ADFEA2A00FDFBE1 /* EnriqueCM.app */,
				01B3EF021CD032CB00110037 /* EnquiCMWatch.app */,
				01B3EF0E1CD032CB00110037 /* EnquiCMWatch Extension.appex */,
			);
			name = Products;
			sourceTree = "<group>";
		};
		ADDB248A1ADFEA2A00FDFBE1 /* EnriqueCM */ = {
			isa = PBXGroup;
			children = (
				AD8A078B1CD03BF6007BCE53 /* EnriqueCM.entitlements */,
				ADB4931C1CCD643B0047D886 /* Information */,
				ADB493171CCD5D0B0047D886 /* Extensions */,
				AD1A835D1AE33FBE008F336F /* Transitions */,
				AD2FEC411AE2B1AD00EF8B65 /* CustomSegue */,
				AD2FEC401AE1DD1E00EF8B65 /* Model */,
				AD2FEC3F1AE1DD0500EF8B65 /* Managers */,
				AD2FEC3C1AE1DC9200EF8B65 /* Controllers */,
				AD1A836C1AE420F3008F336F /* Views */,
				ADDB24911ADFEA2A00FDFBE1 /* Main.storyboard */,
				ADDB24941ADFEA2A00FDFBE1 /* Images.xcassets */,
				ADDB248D1ADFEA2A00FDFBE1 /* AppDelegate.swift */,
				ADDB24961ADFEA2A00FDFBE1 /* LaunchScreen.xib */,
				ADDB248B1ADFEA2A00FDFBE1 /* Supporting Files */,
			);
			path = EnriqueCM;
			sourceTree = "<group>";
		};
		ADDB248B1ADFEA2A00FDFBE1 /* Supporting Files */ = {
			isa = PBXGroup;
			children = (
				ADDB248C1ADFEA2A00FDFBE1 /* Info.plist */,
			);
			name = "Supporting Files";
			sourceTree = "<group>";
		};
		ADDB24A01ADFEA2A00FDFBE1 /* EnriqueCMTests */ = {
			isa = PBXGroup;
			children = (
				ADDB24A31ADFEA2A00FDFBE1 /* EnriqueCMTests.swift */,
				ADDB24A11ADFEA2A00FDFBE1 /* Supporting Files */,
			);
			path = EnriqueCMTests;
			sourceTree = "<group>";
		};
		ADDB24A11ADFEA2A00FDFBE1 /* Supporting Files */ = {
			isa = PBXGroup;
			children = (
				ADDB24A21ADFEA2A00FDFBE1 /* Info.plist */,
			);
			name = "Supporting Files";
			sourceTree = "<group>";
		};
/* End PBXGroup section */

/* Begin PBXNativeTarget section */
		01B3EF011CD032CB00110037 /* EnquiCMWatch */ = {
			isa = PBXNativeTarget;
			buildConfigurationList = 01B3EF231CD032CC00110037 /* Build configuration list for PBXNativeTarget "EnquiCMWatch" */;
			buildPhases = (
				01B3EF001CD032CB00110037 /* Resources */,
				01B3EF221CD032CC00110037 /* Embed App Extensions */,
			);
			buildRules = (
			);
			dependencies = (
				01B3EF111CD032CB00110037 /* PBXTargetDependency */,
			);
			name = EnquiCMWatch;
			productName = EnquiCMWatch;
			productReference = 01B3EF021CD032CB00110037 /* EnquiCMWatch.app */;
			productType = "com.apple.product-type.application.watchapp2";
		};
		01B3EF0D1CD032CB00110037 /* EnquiCMWatch Extension */ = {
			isa = PBXNativeTarget;
			buildConfigurationList = 01B3EF211CD032CC00110037 /* Build configuration list for PBXNativeTarget "EnquiCMWatch Extension" */;
			buildPhases = (
				01B3EF0A1CD032CB00110037 /* Sources */,
				01B3EF0B1CD032CB00110037 /* Frameworks */,
				01B3EF0C1CD032CB00110037 /* Resources */,
			);
			buildRules = (
			);
			dependencies = (
			);
			name = "EnquiCMWatch Extension";
			productName = "EnquiCMWatch Extension";
			productReference = 01B3EF0E1CD032CB00110037 /* EnquiCMWatch Extension.appex */;
			productType = "com.apple.product-type.watchkit2-extension";
		};
		ADDB24871ADFEA2A00FDFBE1 /* EnriqueCM */ = {
			isa = PBXNativeTarget;
			buildConfigurationList = ADDB24A71ADFEA2A00FDFBE1 /* Build configuration list for PBXNativeTarget "EnriqueCM" */;
			buildPhases = (
				ADDB24841ADFEA2A00FDFBE1 /* Sources */,
				ADDB24851ADFEA2A00FDFBE1 /* Frameworks */,
				ADDB24861ADFEA2A00FDFBE1 /* Resources */,
				01B3EF241CD032CC00110037 /* Embed Watch Content */,
			);
			buildRules = (
			);
			dependencies = (
				01B3EF1B1CD032CB00110037 /* PBXTargetDependency */,
			);
			name = EnriqueCM;
			productName = EnriqueCM;
			productReference = ADDB24881ADFEA2A00FDFBE1 /* EnriqueCM.app */;
			productType = "com.apple.product-type.application";
		};
/* End PBXNativeTarget section */

/* Begin PBXProject section */
		ADDB24801ADFEA2A00FDFBE1 /* Project object */ = {
			isa = PBXProject;
			attributes = {
				LastSwiftUpdateCheck = 0730;
				LastUpgradeCheck = 0730;
				ORGANIZATIONNAME = "Enrique Choynowski Melgarejo";
				TargetAttributes = {
					01B3EF011CD032CB00110037 = {
						CreatedOnToolsVersion = 7.3;
						DevelopmentTeam = 38HUSCHT3G;
						SystemCapabilities = {
							com.apple.ApplicationGroups.iOS = {
								enabled = 0;
							};
						};
					};
					01B3EF0D1CD032CB00110037 = {
						CreatedOnToolsVersion = 7.3;
						DevelopmentTeam = 38HUSCHT3G;
					};
					ADDB24871ADFEA2A00FDFBE1 = {
						CreatedOnToolsVersion = 6.3;
						SystemCapabilities = {
							com.apple.ApplicationGroups.iOS = {
								enabled = 1;
							};
						};
					};
				};
			};
			buildConfigurationList = ADDB24831ADFEA2A00FDFBE1 /* Build configuration list for PBXProject "EnriqueCM" */;
			compatibilityVersion = "Xcode 3.2";
			developmentRegion = English;
			hasScannedForEncodings = 0;
			knownRegions = (
				en,
				Base,
			);
			mainGroup = ADDB247F1ADFEA2A00FDFBE1;
			productRefGroup = ADDB24891ADFEA2A00FDFBE1 /* Products */;
			projectDirPath = "";
			projectRoot = "";
			targets = (
				ADDB24871ADFEA2A00FDFBE1 /* EnriqueCM */,
				01B3EF011CD032CB00110037 /* EnquiCMWatch */,
				01B3EF0D1CD032CB00110037 /* EnquiCMWatch Extension */,
			);
		};
/* End PBXProject section */

/* Begin PBXResourcesBuildPhase section */
		01B3EF001CD032CB00110037 /* Resources */ = {
			isa = PBXResourcesBuildPhase;
			buildActionMask = 2147483647;
			files = (
				01B3EF081CD032CB00110037 /* Assets.xcassets in Resources */,
				01B3EF061CD032CB00110037 /* Interface.storyboard in Resources */,
			);
			runOnlyForDeploymentPostprocessing = 0;
		};
		01B3EF0C1CD032CB00110037 /* Resources */ = {
			isa = PBXResourcesBuildPhase;
			buildActionMask = 2147483647;
			files = (
				012BD5491CD041740030E4FA /* Information.json in Resources */,
				012BD54A1CD041740030E4FA /* InformationV2.json in Resources */,
				01B3EF181CD032CB00110037 /* Assets.xcassets in Resources */,
			);
			runOnlyForDeploymentPostprocessing = 0;
		};
		ADDB24861ADFEA2A00FDFBE1 /* Resources */ = {
			isa = PBXResourcesBuildPhase;
			buildActionMask = 2147483647;
			files = (
				AD9A65371CD56857007C0815 /* isobar-main.png in Resources */,
				AD4406061AED869D00BADC06 /* nowastes-print2.jpeg in Resources */,
				AD4405C81AED74E300BADC06 /* elipse-logo.jpeg in Resources */,
				AD4405E61AED865F00BADC06 /* sp-print2.jpeg in Resources */,
				AD4405D41AED775400BADC06 /* node.png in Resources */,
				AD4405DE1AED7F6B00BADC06 /* prize-image1.jpg in Resources */,
				AD4405A41AED449800BADC06 /* PUCRS-main.jpg in Resources */,
				AD4405FD1AED868600BADC06 /* aproximar9.png in Resources */,
				AD4406271AED8A0700BADC06 /* elipse-print5.jpeg in Resources */,
				ADB4931E1CCD78120047D886 /* InformationV2.json in Resources */,
				AD4406381AED9D8500BADC06 /* qualities.jpg in Resources */,
				AD4405CB1AED774C00BADC06 /* backend-dev-main.jpg in Resources */,
				AD4406141AED879300BADC06 /* gogobirdie-print4.jpeg in Resources */,
				AD4405C21AED73F600BADC06 /* ciberbras-logo-landscape.png in Resources */,
				AD4405AD1AED6D2500BADC06 /* sp-logo.jpeg in Resources */,
				AD4405D71AED787900BADC06 /* code-main.jpeg in Resources */,
				AD4405D11AED775400BADC06 /* aws.png in Resources */,
				AD4406351AED9B4400BADC06 /* RunShadow-logo.png in Resources */,
				ADDB24931ADFEA2A00FDFBE1 /* Main.storyboard in Resources */,
				AD4405C41AED742400BADC06 /* elipse-logo-landscape.png in Resources */,
				AD4406131AED879300BADC06 /* gogobirdie-print3.jpeg in Resources */,
				AD4406241AED8A0700BADC06 /* elipse-print2.jpeg in Resources */,
				AD4405BC1AED729500BADC06 /* gogobirdie-logo.jpg in Resources */,
				AD4406251AED8A0700BADC06 /* elipse-print3.jpeg in Resources */,
				AD4405F51AED868600BADC06 /* aproximar1.png in Resources */,
				AD4405E91AED865F00BADC06 /* sp-print5.jpeg in Resources */,
				AD9A65391CD56861007C0815 /* isobar-logo-landscape.png in Resources */,
				AD4406151AED879300BADC06 /* gogobirdie-print5.jpeg in Resources */,
				AD4405AA1AED6C6900BADC06 /* sp-main.png in Resources */,
				AD4405B01AED6E3B00BADC06 /* greenb-logo-landscape.png in Resources */,
				AD4405B51AED702000BADC06 /* nowastes-logo.png in Resources */,
				AD1A835C1AE2FA90008F336F /* Information.json in Resources */,
				ADDB24981ADFEA2A00FDFBE1 /* LaunchScreen.xib in Resources */,
				AD4405FB1AED868600BADC06 /* aproximar7.png in Resources */,
				AD4405A31AED449800BADC06 /* PUCRS-logo-landscape.png in Resources */,
				AD4405FF1AED868600BADC06 /* aproximar11.png in Resources */,
				AD4405F81AED868600BADC06 /* aproximar4.png in Resources */,
				AD4405D51AED775400BADC06 /* spa.png in Resources */,
				AD9A65311CD55E1D007C0815 /* vita_logo.jpg in Resources */,
				AD4405B31AED6F0400BADC06 /* aproximar-logo.png in Resources */,
				AD44061D1AED888D00BADC06 /* Sikur-print4.jpeg in Resources */,
				AD9A65331CD56313007C0815 /* estacio-main.jpg in Resources */,
				AD4405E71AED865F00BADC06 /* sp-print3.jpeg in Resources */,
				AD4405A51AED449800BADC06 /* ULBRA-logo-landscape.png in Resources */,
				AD9A652F1CD55DAE007C0815 /* vita_image.jpg in Resources */,
				ADDB24951ADFEA2A00FDFBE1 /* Images.xcassets in Resources */,
				AD44060B1AED86D600BADC06 /* nowastes-print4.jpeg in Resources */,
				AD4405C61AED746900BADC06 /* elipse-main.png in Resources */,
				AD4406231AED8A0700BADC06 /* elipse-print1.jpeg in Resources */,
				AD4405BE1AED73C000BADC06 /* sikur-logo.png in Resources */,
				AD9A65351CD5638C007C0815 /* estacio-logo-landscape.png in Resources */,
				AD4406111AED879300BADC06 /* gogobirdie-print1.jpeg in Resources */,
				AD4405D31AED775400BADC06 /* mysql.png in Resources */,
				AD4405DA1AED795700BADC06 /* volunteers.png in Resources */,
				AD4405A91AED6C6900BADC06 /* sp-logo-landscape.png in Resources */,
				AD4405A21AED449800BADC06 /* CTBM-main.jpg in Resources */,
				AD4405FE1AED868600BADC06 /* aproximar10.png in Resources */,
				AD4406311AED915500BADC06 /* enrique-icon.png in Resources */,
				AD9A653D1CD56979007C0815 /* vita-print1.jpg in Resources */,
				AD4405A11AED449800BADC06 /* CTBM-logo-landscape.png in Resources */,
				AD4405A61AED449800BADC06 /* ULBRA-main.jpg in Resources */,
				AD4405C01AED73EF00BADC06 /* ciberbras-main.jpg in Resources */,
				AD4405B81AED706E00BADC06 /* torneio.jpg in Resources */,
				AD4405DC1AED7DAA00BADC06 /* prize.jpg in Resources */,
				AD4406261AED8A0700BADC06 /* elipse-print4.jpeg in Resources */,
				AD4406071AED869D00BADC06 /* nowastes-print3.jpeg in Resources */,
				AD4406121AED879300BADC06 /* gogobirdie-print2.jpeg in Resources */,
				AD44061C1AED888D00BADC06 /* Sikur-print3.jpeg in Resources */,
				AD44062D1AED8E2800BADC06 /* RunShadow-print2.jpeg in Resources */,
				AD4405FC1AED868600BADC06 /* aproximar8.png in Resources */,
				AD4405E51AED865F00BADC06 /* sp-print1.jpeg in Resources */,
				AD9A653C1CD56979007C0815 /* vita-print2.jpg in Resources */,
				AD4405F91AED868600BADC06 /* aproximar5.png in Resources */,
				AD4405BA1AED71E600BADC06 /* bepid-main.png in Resources */,
				AD4405F61AED868600BADC06 /* aproximar2.png in Resources */,
				AD44061B1AED888D00BADC06 /* Sikur-print2.jpeg in Resources */,
				AD44062C1AED8E2800BADC06 /* RunShadow-print1.jpeg in Resources */,
				AD4406051AED869D00BADC06 /* nowastes-print1.jpeg in Resources */,
				AD4405D21AED775400BADC06 /* js.png in Resources */,
				AD4405F71AED868600BADC06 /* aproximar3.png in Resources */,
				AD44062F1AED8E2800BADC06 /* RunShadow-print4.jpeg in Resources */,
				AD4405B11AED6E3B00BADC06 /* greenb-main.png in Resources */,
				AD4405FA1AED868600BADC06 /* aproximar6.png in Resources */,
				AD44061A1AED888D00BADC06 /* Sikur-print1.jpeg in Resources */,
				AD44062E1AED8E2800BADC06 /* RunShadow-print3.jpeg in Resources */,
				AD4405E81AED865F00BADC06 /* sp-print4.jpeg in Resources */,
				AD4406091AED869D00BADC06 /* nowastes-print5.jpeg in Resources */,
			);
			runOnlyForDeploymentPostprocessing = 0;
		};
/* End PBXResourcesBuildPhase section */

/* Begin PBXSourcesBuildPhase section */
		01B3EF0A1CD032CB00110037 /* Sources */ = {
			isa = PBXSourcesBuildPhase;
			buildActionMask = 2147483647;
			files = (
				01F6D2C81CD179DC008F1E10 /* DetailInterfaceController.swift in Sources */,
				012BD54D1CD042CB0030E4FA /* ExtensionDelegate.swift in Sources */,
				01F6D2CA1CD17BB7008F1E10 /* DetailTableController.swift in Sources */,
				012BD54C1CD042CB0030E4FA /* SectionTableController.swift in Sources */,
				012BD54B1CD042CB0030E4FA /* MainInterfaceController.swift in Sources */,
				012BD5471CD0413E0030E4FA /* Card.swift in Sources */,
				012BD5451CD040FC0030E4FA /* DatabaseManager.swift in Sources */,
			);
			runOnlyForDeploymentPostprocessing = 0;
		};
		ADDB24841ADFEA2A00FDFBE1 /* Sources */ = {
			isa = PBXSourcesBuildPhase;
			buildActionMask = 2147483647;
			files = (
				AD2FEC321AE1335E00EF8B65 /* CustomSegue.swift in Sources */,
				ADB493201CCD7F5F0047D886 /* Section.swift in Sources */,
				AD1A83631AE341B3008F336F /* TransitionDismissalAnimator.swift in Sources */,
				AD4405951AEB47E000BADC06 /* Utils.swift in Sources */,
				AD9389901AE70E4200580D4A /* DetailDateTableViewCell.swift in Sources */,
				AD1A83611AE3402E008F336F /* TransitionPresentationAnimator.swift in Sources */,
				AD2FEC301AE1277700EF8B65 /* BottomToUpCustomSegue.swift in Sources */,
				AD4405991AEC534500BADC06 /* ProjectCollectionTableViewCell.swift in Sources */,
				AD2FEC3E1AE1DCC300EF8B65 /* MainTableViewController.swift in Sources */,
				AD9389921AE70EE800580D4A /* DetailCollectionTableViewCell.swift in Sources */,
				AD8A078D1CD05F67007BCE53 /* NSNotificationExtensions.swift in Sources */,
				AD1A836E1AE42139008F336F /* CardHeaderTableViewCell.swift in Sources */,
				AD1A83511AE2E2E5008F336F /* CardTableViewCell.swift in Sources */,
				ADCCD5FA1AE45FAA0061674B /* DetailTableViewController.swift in Sources */,
				ADDB248E1ADFEA2A00FDFBE1 /* AppDelegate.swift in Sources */,
				ADB493191CCD5D470047D886 /* UIColorExtensions.swift in Sources */,
				AD1A83671AE34261008F336F /* DismissalAnimator.swift in Sources */,
				AD1A83551AE2E606008F336F /* UITableViewCellExtensions.swift in Sources */,
				AD93898A1AE6AC6900580D4A /* DetailTitleSubtitleImageTableViewCell.swift in Sources */,
				AD4405971AEC23E500BADC06 /* ProjectViewController.swift in Sources */,
				ADA6D77C1CCEF7FF0081A1BA /* ShortcutManager.swift in Sources */,
				AD2FEC381AE14BDA00EF8B65 /* CustomSequeUnwind.swift in Sources */,
				AD1A83651AE34240008F336F /* PresentationAnimator.swift in Sources */,
				AD2FEC361AE13D3F00EF8B65 /* UnwindBottonToUpCustomSegue.swift in Sources */,
				AD93898C1AE6AF8000580D4A /* DetailAdjustableTextTableViewCell.swift in Sources */,
				ADB493221CCD86630047D886 /* InformationManager.swift in Sources */,
				AD1A835F1AE34001008F336F /* TransitionDelegate.swift in Sources */,
				ADB4931B1CCD5D930047D886 /* StringExtensions.swift in Sources */,
				ADC069261CD002CA00A8CB57 /* UIViewExtensions.swift in Sources */,
				AD93898E1AE6EE8A00580D4A /* DetailLinkTableViewCell.swift in Sources */,
				ADC069281CD0090900A8CB57 /* PasteboardViewController.swift in Sources */,
				AD2FEC451AE2B7E200EF8B65 /* DatabaseManager.swift in Sources */,
				AD1A83531AE2E493008F336F /* Card.swift in Sources */,
			);
			runOnlyForDeploymentPostprocessing = 0;
		};
/* End PBXSourcesBuildPhase section */

/* Begin PBXTargetDependency section */
		01B3EF111CD032CB00110037 /* PBXTargetDependency */ = {
			isa = PBXTargetDependency;
			target = 01B3EF0D1CD032CB00110037 /* EnquiCMWatch Extension */;
			targetProxy = 01B3EF101CD032CB00110037 /* PBXContainerItemProxy */;
		};
		01B3EF1B1CD032CB00110037 /* PBXTargetDependency */ = {
			isa = PBXTargetDependency;
			target = 01B3EF011CD032CB00110037 /* EnquiCMWatch */;
			targetProxy = 01B3EF1A1CD032CB00110037 /* PBXContainerItemProxy */;
		};
/* End PBXTargetDependency section */

/* Begin PBXVariantGroup section */
		01B3EF041CD032CB00110037 /* Interface.storyboard */ = {
			isa = PBXVariantGroup;
			children = (
				01B3EF051CD032CB00110037 /* Base */,
			);
			name = Interface.storyboard;
			sourceTree = "<group>";
		};
		ADDB24911ADFEA2A00FDFBE1 /* Main.storyboard */ = {
			isa = PBXVariantGroup;
			children = (
				ADDB24921ADFEA2A00FDFBE1 /* Base */,
			);
			name = Main.storyboard;
			sourceTree = "<group>";
		};
		ADDB24961ADFEA2A00FDFBE1 /* LaunchScreen.xib */ = {
			isa = PBXVariantGroup;
			children = (
				ADDB24971ADFEA2A00FDFBE1 /* Base */,
			);
			name = LaunchScreen.xib;
			sourceTree = "<group>";
		};
/* End PBXVariantGroup section */

/* Begin XCBuildConfiguration section */
		01B3EF1D1CD032CC00110037 /* Debug */ = {
			isa = XCBuildConfiguration;
			buildSettings = {
				ASSETCATALOG_COMPILER_APPICON_NAME = AppIcon;
				CLANG_ANALYZER_NONNULL = YES;
				CLANG_ENABLE_MODULES = YES;
				CODE_SIGN_IDENTITY = "iPhone Developer";
				DEBUG_INFORMATION_FORMAT = dwarf;
				EMBEDDED_CONTENT_CONTAINS_SWIFT = YES;
				IBSC_MODULE = EnquiCMWatch_Extension;
				INFOPLIST_FILE = EnquiCMWatch/Info.plist;
				LD_RUNPATH_SEARCH_PATHS = "$(inherited) @executable_path/../Frameworks @loader_path/../Frameworks";
				PRODUCT_BUNDLE_IDENTIFIER = com.choynowski.EnriqueCM.watchkitapp;
				PRODUCT_NAME = "$(TARGET_NAME)";
				SDKROOT = watchos;
				SKIP_INSTALL = YES;
				SWIFT_OPTIMIZATION_LEVEL = "-Onone";
				TARGETED_DEVICE_FAMILY = 4;
				WATCHOS_DEPLOYMENT_TARGET = 2.2;
			};
			name = Debug;
		};
		01B3EF1E1CD032CC00110037 /* Release */ = {
			isa = XCBuildConfiguration;
			buildSettings = {
				ASSETCATALOG_COMPILER_APPICON_NAME = AppIcon;
				CLANG_ANALYZER_NONNULL = YES;
				CLANG_ENABLE_MODULES = YES;
				CODE_SIGN_IDENTITY = "iPhone Developer";
				EMBEDDED_CONTENT_CONTAINS_SWIFT = YES;
				IBSC_MODULE = EnquiCMWatch_Extension;
				INFOPLIST_FILE = EnquiCMWatch/Info.plist;
				LD_RUNPATH_SEARCH_PATHS = "$(inherited) @executable_path/../Frameworks @loader_path/../Frameworks";
				PRODUCT_BUNDLE_IDENTIFIER = com.choynowski.EnriqueCM.watchkitapp;
				PRODUCT_NAME = "$(TARGET_NAME)";
				SDKROOT = watchos;
				SKIP_INSTALL = YES;
				TARGETED_DEVICE_FAMILY = 4;
				WATCHOS_DEPLOYMENT_TARGET = 2.2;
			};
			name = Release;
		};
		01B3EF1F1CD032CC00110037 /* Debug */ = {
			isa = XCBuildConfiguration;
			buildSettings = {
				CLANG_ANALYZER_NONNULL = YES;
				CODE_SIGN_IDENTITY = "iPhone Developer";
				"CODE_SIGN_IDENTITY[sdk=watchos*]" = "iPhone Developer";
				DEBUG_INFORMATION_FORMAT = dwarf;
				INFOPLIST_FILE = "EnquiCMWatch Extension/Info.plist";
				LD_RUNPATH_SEARCH_PATHS = "$(inherited) @executable_path/Frameworks @executable_path/../../Frameworks";
				PRODUCT_BUNDLE_IDENTIFIER = com.choynowski.EnriqueCM.watchkitapp.watchkitextension;
				PRODUCT_NAME = "${TARGET_NAME}";
				PROVISIONING_PROFILE = "";
				SDKROOT = watchos;
				SKIP_INSTALL = YES;
				TARGETED_DEVICE_FAMILY = 4;
				WATCHOS_DEPLOYMENT_TARGET = 2.2;
			};
			name = Debug;
		};
		01B3EF201CD032CC00110037 /* Release */ = {
			isa = XCBuildConfiguration;
			buildSettings = {
				CLANG_ANALYZER_NONNULL = YES;
				CODE_SIGN_IDENTITY = "iPhone Developer";
				"CODE_SIGN_IDENTITY[sdk=watchos*]" = "iPhone Developer";
				INFOPLIST_FILE = "EnquiCMWatch Extension/Info.plist";
				LD_RUNPATH_SEARCH_PATHS = "$(inherited) @executable_path/Frameworks @executable_path/../../Frameworks";
				PRODUCT_BUNDLE_IDENTIFIER = com.choynowski.EnriqueCM.watchkitapp.watchkitextension;
				PRODUCT_NAME = "${TARGET_NAME}";
				PROVISIONING_PROFILE = "";
				SDKROOT = watchos;
				SKIP_INSTALL = YES;
				TARGETED_DEVICE_FAMILY = 4;
				WATCHOS_DEPLOYMENT_TARGET = 2.2;
			};
			name = Release;
		};
		ADDB24A51ADFEA2A00FDFBE1 /* Debug */ = {
			isa = XCBuildConfiguration;
			buildSettings = {
				ALWAYS_SEARCH_USER_PATHS = NO;
				CLANG_CXX_LANGUAGE_STANDARD = "gnu++0x";
				CLANG_CXX_LIBRARY = "libc++";
				CLANG_ENABLE_MODULES = YES;
				CLANG_ENABLE_OBJC_ARC = YES;
				CLANG_WARN_BOOL_CONVERSION = YES;
				CLANG_WARN_CONSTANT_CONVERSION = YES;
				CLANG_WARN_DIRECT_OBJC_ISA_USAGE = YES_ERROR;
				CLANG_WARN_EMPTY_BODY = YES;
				CLANG_WARN_ENUM_CONVERSION = YES;
				CLANG_WARN_INT_CONVERSION = YES;
				CLANG_WARN_OBJC_ROOT_CLASS = YES_ERROR;
				CLANG_WARN_UNREACHABLE_CODE = YES;
				CLANG_WARN__DUPLICATE_METHOD_MATCH = YES;
				"CODE_SIGN_IDENTITY[sdk=iphoneos*]" = "iPhone Developer";
				COPY_PHASE_STRIP = NO;
				DEBUG_INFORMATION_FORMAT = "dwarf-with-dsym";
				ENABLE_STRICT_OBJC_MSGSEND = YES;
				ENABLE_TESTABILITY = YES;
				GCC_C_LANGUAGE_STANDARD = gnu99;
				GCC_DYNAMIC_NO_PIC = NO;
				GCC_NO_COMMON_BLOCKS = YES;
				GCC_OPTIMIZATION_LEVEL = 0;
				GCC_PREPROCESSOR_DEFINITIONS = (
					"DEBUG=1",
					"$(inherited)",
				);
				GCC_SYMBOLS_PRIVATE_EXTERN = NO;
				GCC_WARN_64_TO_32_BIT_CONVERSION = YES;
				GCC_WARN_ABOUT_RETURN_TYPE = YES_ERROR;
				GCC_WARN_UNDECLARED_SELECTOR = YES;
				GCC_WARN_UNINITIALIZED_AUTOS = YES_AGGRESSIVE;
				GCC_WARN_UNUSED_FUNCTION = YES;
				GCC_WARN_UNUSED_VARIABLE = YES;
				IPHONEOS_DEPLOYMENT_TARGET = 9.0;
				MTL_ENABLE_DEBUG_INFO = YES;
				ONLY_ACTIVE_ARCH = YES;
				SDKROOT = iphoneos;
				SWIFT_OPTIMIZATION_LEVEL = "-Onone";
				TARGETED_DEVICE_FAMILY = "1,2";
			};
			name = Debug;
		};
		ADDB24A61ADFEA2A00FDFBE1 /* Release */ = {
			isa = XCBuildConfiguration;
			buildSettings = {
				ALWAYS_SEARCH_USER_PATHS = NO;
				CLANG_CXX_LANGUAGE_STANDARD = "gnu++0x";
				CLANG_CXX_LIBRARY = "libc++";
				CLANG_ENABLE_MODULES = YES;
				CLANG_ENABLE_OBJC_ARC = YES;
				CLANG_WARN_BOOL_CONVERSION = YES;
				CLANG_WARN_CONSTANT_CONVERSION = YES;
				CLANG_WARN_DIRECT_OBJC_ISA_USAGE = YES_ERROR;
				CLANG_WARN_EMPTY_BODY = YES;
				CLANG_WARN_ENUM_CONVERSION = YES;
				CLANG_WARN_INT_CONVERSION = YES;
				CLANG_WARN_OBJC_ROOT_CLASS = YES_ERROR;
				CLANG_WARN_UNREACHABLE_CODE = YES;
				CLANG_WARN__DUPLICATE_METHOD_MATCH = YES;
				"CODE_SIGN_IDENTITY[sdk=iphoneos*]" = "iPhone Developer";
				COPY_PHASE_STRIP = NO;
				DEBUG_INFORMATION_FORMAT = "dwarf-with-dsym";
				ENABLE_NS_ASSERTIONS = NO;
				ENABLE_STRICT_OBJC_MSGSEND = YES;
				GCC_C_LANGUAGE_STANDARD = gnu99;
				GCC_NO_COMMON_BLOCKS = YES;
				GCC_WARN_64_TO_32_BIT_CONVERSION = YES;
				GCC_WARN_ABOUT_RETURN_TYPE = YES_ERROR;
				GCC_WARN_UNDECLARED_SELECTOR = YES;
				GCC_WARN_UNINITIALIZED_AUTOS = YES_AGGRESSIVE;
				GCC_WARN_UNUSED_FUNCTION = YES;
				GCC_WARN_UNUSED_VARIABLE = YES;
				IPHONEOS_DEPLOYMENT_TARGET = 9.0;
				MTL_ENABLE_DEBUG_INFO = NO;
				SDKROOT = iphoneos;
				TARGETED_DEVICE_FAMILY = "1,2";
				VALIDATE_PRODUCT = YES;
			};
			name = Release;
		};
		ADDB24A81ADFEA2A00FDFBE1 /* Debug */ = {
			isa = XCBuildConfiguration;
			buildSettings = {
				ASSETCATALOG_COMPILER_APPICON_NAME = AppIcon;
				CODE_SIGN_ENTITLEMENTS = EnriqueCM/EnriqueCM.entitlements;
				CODE_SIGN_IDENTITY = "iPhone Developer";
				"CODE_SIGN_IDENTITY[sdk=iphoneos*]" = "iPhone Developer";
				INFOPLIST_FILE = EnriqueCM/Info.plist;
				IPHONEOS_DEPLOYMENT_TARGET = 9.1;
				LD_RUNPATH_SEARCH_PATHS = "$(inherited) @executable_path/Frameworks";
				PRODUCT_BUNDLE_IDENTIFIER = "com.choynowski.$(PRODUCT_NAME:rfc1034identifier)";
				PRODUCT_NAME = "$(TARGET_NAME)";
				PROVISIONING_PROFILE = "";
				TARGETED_DEVICE_FAMILY = 1;
			};
			name = Debug;
		};
		ADDB24A91ADFEA2A00FDFBE1 /* Release */ = {
			isa = XCBuildConfiguration;
			buildSettings = {
				ASSETCATALOG_COMPILER_APPICON_NAME = AppIcon;
				CODE_SIGN_ENTITLEMENTS = EnriqueCM/EnriqueCM.entitlements;
				CODE_SIGN_IDENTITY = "iPhone Developer";
				"CODE_SIGN_IDENTITY[sdk=iphoneos*]" = "iPhone Developer";
				INFOPLIST_FILE = EnriqueCM/Info.plist;
				IPHONEOS_DEPLOYMENT_TARGET = 9.1;
				LD_RUNPATH_SEARCH_PATHS = "$(inherited) @executable_path/Frameworks";
				PRODUCT_BUNDLE_IDENTIFIER = "com.choynowski.$(PRODUCT_NAME:rfc1034identifier)";
				PRODUCT_NAME = "$(TARGET_NAME)";
				PROVISIONING_PROFILE = "";
				TARGETED_DEVICE_FAMILY = 1;
			};
			name = Release;
		};
/* End XCBuildConfiguration section */

/* Begin XCConfigurationList section */
		01B3EF211CD032CC00110037 /* Build configuration list for PBXNativeTarget "EnquiCMWatch Extension" */ = {
			isa = XCConfigurationList;
			buildConfigurations = (
				01B3EF1F1CD032CC00110037 /* Debug */,
				01B3EF201CD032CC00110037 /* Release */,
			);
			defaultConfigurationIsVisible = 0;
			defaultConfigurationName = Release;
		};
		01B3EF231CD032CC00110037 /* Build configuration list for PBXNativeTarget "EnquiCMWatch" */ = {
			isa = XCConfigurationList;
			buildConfigurations = (
				01B3EF1D1CD032CC00110037 /* Debug */,
				01B3EF1E1CD032CC00110037 /* Release */,
			);
			defaultConfigurationIsVisible = 0;
			defaultConfigurationName = Release;
		};
		ADDB24831ADFEA2A00FDFBE1 /* Build configuration list for PBXProject "EnriqueCM" */ = {
			isa = XCConfigurationList;
			buildConfigurations = (
				ADDB24A51ADFEA2A00FDFBE1 /* Debug */,
				ADDB24A61ADFEA2A00FDFBE1 /* Release */,
			);
			defaultConfigurationIsVisible = 0;
			defaultConfigurationName = Release;
		};
		ADDB24A71ADFEA2A00FDFBE1 /* Build configuration list for PBXNativeTarget "EnriqueCM" */ = {
			isa = XCConfigurationList;
			buildConfigurations = (
				ADDB24A81ADFEA2A00FDFBE1 /* Debug */,
				ADDB24A91ADFEA2A00FDFBE1 /* Release */,
			);
			defaultConfigurationIsVisible = 0;
			defaultConfigurationName = Release;
		};
/* End XCConfigurationList section */
	};
	rootObject = ADDB24801ADFEA2A00FDFBE1 /* Project object */;
}
