// !$*UTF8*$!
{
	archiveVersion = 1;
	classes = {
	};
	objectVersion = 46;
	objects = {

/* Begin PBXBuildFile section */
		AD1A83511AE2E2E5008F336F /* CardTableViewCell.swift in Sources */ = {isa = PBXBuildFile; fileRef = AD1A83501AE2E2E5008F336F /* CardTableViewCell.swift */; };
		AD1A83531AE2E493008F336F /* Card.swift in Sources */ = {isa = PBXBuildFile; fileRef = AD1A83521AE2E493008F336F /* Card.swift */; };
		AD1A83551AE2E606008F336F /* Extensions.swift in Sources */ = {isa = PBXBuildFile; fileRef = AD1A83541AE2E606008F336F /* Extensions.swift */; };
		AD1A83561AE2E7E8008F336F /* Extensions.swift in Sources */ = {isa = PBXBuildFile; fileRef = AD1A83541AE2E606008F336F /* Extensions.swift */; };
		AD1A835A1AE2F642008F336F /* CardsManager.swift in Sources */ = {isa = PBXBuildFile; fileRef = AD1A83591AE2F642008F336F /* CardsManager.swift */; };
		AD1A835C1AE2FA90008F336F /* Information.json in Resources */ = {isa = PBXBuildFile; fileRef = AD1A835B1AE2FA90008F336F /* Information.json */; };
		AD1A835F1AE34001008F336F /* TransitionDelegate.swift in Sources */ = {isa = PBXBuildFile; fileRef = AD1A835E1AE34001008F336F /* TransitionDelegate.swift */; };
		AD1A83611AE3402E008F336F /* TransitionPresentationAnimator.swift in Sources */ = {isa = PBXBuildFile; fileRef = AD1A83601AE3402E008F336F /* TransitionPresentationAnimator.swift */; };
		AD1A83631AE341B3008F336F /* TransitionDismissalAnimator.swift in Sources */ = {isa = PBXBuildFile; fileRef = AD1A83621AE341B3008F336F /* TransitionDismissalAnimator.swift */; };
		AD1A83651AE34240008F336F /* PresentationAnimator.swift in Sources */ = {isa = PBXBuildFile; fileRef = AD1A83641AE34240008F336F /* PresentationAnimator.swift */; };
		AD1A83671AE34261008F336F /* DismissalAnimator.swift in Sources */ = {isa = PBXBuildFile; fileRef = AD1A83661AE34261008F336F /* DismissalAnimator.swift */; };
		AD1A83691AE34601008F336F /* DetailImageViewController.swift in Sources */ = {isa = PBXBuildFile; fileRef = AD1A83681AE34601008F336F /* DetailImageViewController.swift */; };
		AD1A836B1AE3F8D1008F336F /* DetailViewController.swift in Sources */ = {isa = PBXBuildFile; fileRef = AD1A836A1AE3F8D1008F336F /* DetailViewController.swift */; };
		AD1A836E1AE42139008F336F /* CardHeaderTableViewCell.swift in Sources */ = {isa = PBXBuildFile; fileRef = AD1A836D1AE42139008F336F /* CardHeaderTableViewCell.swift */; };
		AD2FEC301AE1277700EF8B65 /* BottomToUpCustomSegue.swift in Sources */ = {isa = PBXBuildFile; fileRef = AD2FEC2F1AE1277700EF8B65 /* BottomToUpCustomSegue.swift */; };
		AD2FEC321AE1335E00EF8B65 /* CustomSegue.swift in Sources */ = {isa = PBXBuildFile; fileRef = AD2FEC311AE1335E00EF8B65 /* CustomSegue.swift */; };
		AD2FEC341AE139FF00EF8B65 /* ListViewController.swift in Sources */ = {isa = PBXBuildFile; fileRef = AD2FEC331AE139FF00EF8B65 /* ListViewController.swift */; };
		AD2FEC361AE13D3F00EF8B65 /* UnwindBottonToUpCustomSegue.swift in Sources */ = {isa = PBXBuildFile; fileRef = AD2FEC351AE13D3F00EF8B65 /* UnwindBottonToUpCustomSegue.swift */; };
		AD2FEC381AE14BDA00EF8B65 /* CustomSequeUnwind.swift in Sources */ = {isa = PBXBuildFile; fileRef = AD2FEC371AE14BDA00EF8B65 /* CustomSequeUnwind.swift */; };
		AD2FEC3E1AE1DCC300EF8B65 /* MainTableViewController.swift in Sources */ = {isa = PBXBuildFile; fileRef = AD2FEC3D1AE1DCC300EF8B65 /* MainTableViewController.swift */; };
		AD2FEC431AE2B1DE00EF8B65 /* Data.plist in Resources */ = {isa = PBXBuildFile; fileRef = AD2FEC421AE2B1DE00EF8B65 /* Data.plist */; };
		AD2FEC451AE2B7E200EF8B65 /* DatabaseManager.swift in Sources */ = {isa = PBXBuildFile; fileRef = AD2FEC441AE2B7E200EF8B65 /* DatabaseManager.swift */; };
		AD4405951AEB47E000BADC06 /* Utils.swift in Sources */ = {isa = PBXBuildFile; fileRef = AD4405941AEB47E000BADC06 /* Utils.swift */; };
		AD9389871AE5A96F00580D4A /* Default.json in Resources */ = {isa = PBXBuildFile; fileRef = AD9389861AE5A96F00580D4A /* Default.json */; };
		AD93898A1AE6AC6900580D4A /* DetailTitleSubtitleImageTableViewCell.swift in Sources */ = {isa = PBXBuildFile; fileRef = AD9389891AE6AC6900580D4A /* DetailTitleSubtitleImageTableViewCell.swift */; };
		AD93898C1AE6AF8000580D4A /* DetailAdjustableTextTableViewCell.swift in Sources */ = {isa = PBXBuildFile; fileRef = AD93898B1AE6AF8000580D4A /* DetailAdjustableTextTableViewCell.swift */; };
		AD93898E1AE6EE8A00580D4A /* DetailLinkTableViewCell.swift in Sources */ = {isa = PBXBuildFile; fileRef = AD93898D1AE6EE8A00580D4A /* DetailLinkTableViewCell.swift */; };
		AD9389901AE70E4200580D4A /* DetailDateTableViewCell.swift in Sources */ = {isa = PBXBuildFile; fileRef = AD93898F1AE70E4200580D4A /* DetailDateTableViewCell.swift */; };
		AD9389921AE70EE800580D4A /* DetailCollectionTableViewCell.swift in Sources */ = {isa = PBXBuildFile; fileRef = AD9389911AE70EE800580D4A /* DetailCollectionTableViewCell.swift */; };
		ADBA09291AEA85DA00DC2B24 /* ULBRA-logo.png in Resources */ = {isa = PBXBuildFile; fileRef = ADBA09271AEA85DA00DC2B24 /* ULBRA-logo.png */; };
		ADBA092B1AEA892B00DC2B24 /* ULBRA-logo-landscape.png in Resources */ = {isa = PBXBuildFile; fileRef = ADBA092A1AEA892B00DC2B24 /* ULBRA-logo-landscape.png */; };
		ADCCD5FA1AE45FAA0061674B /* DetailTableViewController.swift in Sources */ = {isa = PBXBuildFile; fileRef = ADCCD5F91AE45FAA0061674B /* DetailTableViewController.swift */; };
		ADCCD5FC1AE474AD0061674B /* Foto1.jpg in Resources */ = {isa = PBXBuildFile; fileRef = ADCCD5FB1AE474AD0061674B /* Foto1.jpg */; };
		ADCCD5FF1AE474ED0061674B /* Foto2.jpg in Resources */ = {isa = PBXBuildFile; fileRef = ADCCD5FE1AE474ED0061674B /* Foto2.jpg */; };
		ADDB248E1ADFEA2A00FDFBE1 /* AppDelegate.swift in Sources */ = {isa = PBXBuildFile; fileRef = ADDB248D1ADFEA2A00FDFBE1 /* AppDelegate.swift */; };
		ADDB24901ADFEA2A00FDFBE1 /* MainViewController.swift in Sources */ = {isa = PBXBuildFile; fileRef = ADDB248F1ADFEA2A00FDFBE1 /* MainViewController.swift */; };
		ADDB24931ADFEA2A00FDFBE1 /* Main.storyboard in Resources */ = {isa = PBXBuildFile; fileRef = ADDB24911ADFEA2A00FDFBE1 /* Main.storyboard */; };
		ADDB24951ADFEA2A00FDFBE1 /* Images.xcassets in Resources */ = {isa = PBXBuildFile; fileRef = ADDB24941ADFEA2A00FDFBE1 /* Images.xcassets */; };
		ADDB24981ADFEA2A00FDFBE1 /* LaunchScreen.xib in Resources */ = {isa = PBXBuildFile; fileRef = ADDB24961ADFEA2A00FDFBE1 /* LaunchScreen.xib */; };
		ADDB24A41ADFEA2A00FDFBE1 /* EnriqueCMTests.swift in Sources */ = {isa = PBXBuildFile; fileRef = ADDB24A31ADFEA2A00FDFBE1 /* EnriqueCMTests.swift */; };
/* End PBXBuildFile section */

/* Begin PBXContainerItemProxy section */
		ADDB249E1ADFEA2A00FDFBE1 /* PBXContainerItemProxy */ = {
			isa = PBXContainerItemProxy;
			containerPortal = ADDB24801ADFEA2A00FDFBE1 /* Project object */;
			proxyType = 1;
			remoteGlobalIDString = ADDB24871ADFEA2A00FDFBE1;
			remoteInfo = EnriqueCM;
		};
/* End PBXContainerItemProxy section */

/* Begin PBXFileReference section */
		AD1A83501AE2E2E5008F336F /* CardTableViewCell.swift */ = {isa = PBXFileReference; fileEncoding = 4; lastKnownFileType = sourcecode.swift; path = CardTableViewCell.swift; sourceTree = "<group>"; };
		AD1A83521AE2E493008F336F /* Card.swift */ = {isa = PBXFileReference; fileEncoding = 4; lastKnownFileType = sourcecode.swift; name = Card.swift; path = Model/Card.swift; sourceTree = "<group>"; };
		AD1A83541AE2E606008F336F /* Extensions.swift */ = {isa = PBXFileReference; fileEncoding = 4; lastKnownFileType = sourcecode.swift; path = Extensions.swift; sourceTree = "<group>"; };
		AD1A83591AE2F642008F336F /* CardsManager.swift */ = {isa = PBXFileReference; fileEncoding = 4; lastKnownFileType = sourcecode.swift; name = CardsManager.swift; path = Managers/CardsManager.swift; sourceTree = "<group>"; };
		AD1A835B1AE2FA90008F336F /* Information.json */ = {isa = PBXFileReference; fileEncoding = 4; lastKnownFileType = text.json; path = Information.json; sourceTree = "<group>"; };
		AD1A835E1AE34001008F336F /* TransitionDelegate.swift */ = {isa = PBXFileReference; fileEncoding = 4; lastKnownFileType = sourcecode.swift; path = TransitionDelegate.swift; sourceTree = "<group>"; };
		AD1A83601AE3402E008F336F /* TransitionPresentationAnimator.swift */ = {isa = PBXFileReference; fileEncoding = 4; lastKnownFileType = sourcecode.swift; path = TransitionPresentationAnimator.swift; sourceTree = "<group>"; };
		AD1A83621AE341B3008F336F /* TransitionDismissalAnimator.swift */ = {isa = PBXFileReference; fileEncoding = 4; lastKnownFileType = sourcecode.swift; path = TransitionDismissalAnimator.swift; sourceTree = "<group>"; };
		AD1A83641AE34240008F336F /* PresentationAnimator.swift */ = {isa = PBXFileReference; fileEncoding = 4; lastKnownFileType = sourcecode.swift; path = PresentationAnimator.swift; sourceTree = "<group>"; };
		AD1A83661AE34261008F336F /* DismissalAnimator.swift */ = {isa = PBXFileReference; fileEncoding = 4; lastKnownFileType = sourcecode.swift; path = DismissalAnimator.swift; sourceTree = "<group>"; };
		AD1A83681AE34601008F336F /* DetailImageViewController.swift */ = {isa = PBXFileReference; fileEncoding = 4; lastKnownFileType = sourcecode.swift; name = DetailImageViewController.swift; path = Controllers/DetailImageViewController.swift; sourceTree = "<group>"; };
		AD1A836A1AE3F8D1008F336F /* DetailViewController.swift */ = {isa = PBXFileReference; fileEncoding = 4; lastKnownFileType = sourcecode.swift; name = DetailViewController.swift; path = Controllers/DetailViewController.swift; sourceTree = "<group>"; };
		AD1A836D1AE42139008F336F /* CardHeaderTableViewCell.swift */ = {isa = PBXFileReference; fileEncoding = 4; lastKnownFileType = sourcecode.swift; name = CardHeaderTableViewCell.swift; path = Views/CardHeaderTableViewCell.swift; sourceTree = "<group>"; };
		AD2FEC2F1AE1277700EF8B65 /* BottomToUpCustomSegue.swift */ = {isa = PBXFileReference; fileEncoding = 4; lastKnownFileType = sourcecode.swift; path = BottomToUpCustomSegue.swift; sourceTree = "<group>"; };
		AD2FEC311AE1335E00EF8B65 /* CustomSegue.swift */ = {isa = PBXFileReference; fileEncoding = 4; lastKnownFileType = sourcecode.swift; path = CustomSegue.swift; sourceTree = "<group>"; };
		AD2FEC331AE139FF00EF8B65 /* ListViewController.swift */ = {isa = PBXFileReference; fileEncoding = 4; lastKnownFileType = sourcecode.swift; path = ListViewController.swift; sourceTree = "<group>"; };
		AD2FEC351AE13D3F00EF8B65 /* UnwindBottonToUpCustomSegue.swift */ = {isa = PBXFileReference; fileEncoding = 4; lastKnownFileType = sourcecode.swift; path = UnwindBottonToUpCustomSegue.swift; sourceTree = "<group>"; };
		AD2FEC371AE14BDA00EF8B65 /* CustomSequeUnwind.swift */ = {isa = PBXFileReference; fileEncoding = 4; lastKnownFileType = sourcecode.swift; path = CustomSequeUnwind.swift; sourceTree = "<group>"; };
		AD2FEC3D1AE1DCC300EF8B65 /* MainTableViewController.swift */ = {isa = PBXFileReference; fileEncoding = 4; lastKnownFileType = sourcecode.swift; name = MainTableViewController.swift; path = Controllers/MainTableViewController.swift; sourceTree = "<group>"; };
		AD2FEC421AE2B1DE00EF8B65 /* Data.plist */ = {isa = PBXFileReference; fileEncoding = 4; lastKnownFileType = text.plist.xml; path = Data.plist; sourceTree = "<group>"; };
		AD2FEC441AE2B7E200EF8B65 /* DatabaseManager.swift */ = {isa = PBXFileReference; fileEncoding = 4; lastKnownFileType = sourcecode.swift; name = DatabaseManager.swift; path = Managers/DatabaseManager.swift; sourceTree = "<group>"; };
		AD4405941AEB47E000BADC06 /* Utils.swift */ = {isa = PBXFileReference; fileEncoding = 4; lastKnownFileType = sourcecode.swift; name = Utils.swift; path = Managers/Utils.swift; sourceTree = "<group>"; };
		AD9389861AE5A96F00580D4A /* Default.json */ = {isa = PBXFileReference; fileEncoding = 4; lastKnownFileType = text.json; path = Default.json; sourceTree = "<group>"; };
		AD9389891AE6AC6900580D4A /* DetailTitleSubtitleImageTableViewCell.swift */ = {isa = PBXFileReference; fileEncoding = 4; lastKnownFileType = sourcecode.swift; name = DetailTitleSubtitleImageTableViewCell.swift; path = Controllers/Cells/DetailTitleSubtitleImageTableViewCell.swift; sourceTree = "<group>"; };
		AD93898B1AE6AF8000580D4A /* DetailAdjustableTextTableViewCell.swift */ = {isa = PBXFileReference; fileEncoding = 4; lastKnownFileType = sourcecode.swift; name = DetailAdjustableTextTableViewCell.swift; path = Controllers/Cells/DetailAdjustableTextTableViewCell.swift; sourceTree = "<group>"; };
		AD93898D1AE6EE8A00580D4A /* DetailLinkTableViewCell.swift */ = {isa = PBXFileReference; fileEncoding = 4; lastKnownFileType = sourcecode.swift; name = DetailLinkTableViewCell.swift; path = Controllers/Cells/DetailLinkTableViewCell.swift; sourceTree = "<group>"; };
		AD93898F1AE70E4200580D4A /* DetailDateTableViewCell.swift */ = {isa = PBXFileReference; fileEncoding = 4; lastKnownFileType = sourcecode.swift; name = DetailDateTableViewCell.swift; path = Controllers/Cells/DetailDateTableViewCell.swift; sourceTree = "<group>"; };
		AD9389911AE70EE800580D4A /* DetailCollectionTableViewCell.swift */ = {isa = PBXFileReference; fileEncoding = 4; lastKnownFileType = sourcecode.swift; name = DetailCollectionTableViewCell.swift; path = Controllers/Cells/DetailCollectionTableViewCell.swift; sourceTree = "<group>"; };
		ADBA09271AEA85DA00DC2B24 /* ULBRA-logo.png */ = {isa = PBXFileReference; lastKnownFileType = image.png; path = "ULBRA-logo.png"; sourceTree = "<group>"; };
		ADBA092A1AEA892B00DC2B24 /* ULBRA-logo-landscape.png */ = {isa = PBXFileReference; lastKnownFileType = image.png; path = "ULBRA-logo-landscape.png"; sourceTree = "<group>"; };
		ADCCD5F91AE45FAA0061674B /* DetailTableViewController.swift */ = {isa = PBXFileReference; fileEncoding = 4; lastKnownFileType = sourcecode.swift; name = DetailTableViewController.swift; path = Controllers/DetailTableViewController.swift; sourceTree = "<group>"; };
		ADCCD5FB1AE474AD0061674B /* Foto1.jpg */ = {isa = PBXFileReference; lastKnownFileType = image.jpeg; path = Foto1.jpg; sourceTree = "<group>"; };
		ADCCD5FE1AE474ED0061674B /* Foto2.jpg */ = {isa = PBXFileReference; lastKnownFileType = image.jpeg; path = Foto2.jpg; sourceTree = "<group>"; };
		ADDB24881ADFEA2A00FDFBE1 /* EnriqueCM.app */ = {isa = PBXFileReference; explicitFileType = wrapper.application; includeInIndex = 0; path = EnriqueCM.app; sourceTree = BUILT_PRODUCTS_DIR; };
		ADDB248C1ADFEA2A00FDFBE1 /* Info.plist */ = {isa = PBXFileReference; lastKnownFileType = text.plist.xml; path = Info.plist; sourceTree = "<group>"; };
		ADDB248D1ADFEA2A00FDFBE1 /* AppDelegate.swift */ = {isa = PBXFileReference; lastKnownFileType = sourcecode.swift; path = AppDelegate.swift; sourceTree = "<group>"; };
		ADDB248F1ADFEA2A00FDFBE1 /* MainViewController.swift */ = {isa = PBXFileReference; lastKnownFileType = sourcecode.swift; path = MainViewController.swift; sourceTree = "<group>"; };
		ADDB24921ADFEA2A00FDFBE1 /* Base */ = {isa = PBXFileReference; lastKnownFileType = file.storyboard; name = Base; path = Base.lproj/Main.storyboard; sourceTree = "<group>"; };
		ADDB24941ADFEA2A00FDFBE1 /* Images.xcassets */ = {isa = PBXFileReference; lastKnownFileType = folder.assetcatalog; path = Images.xcassets; sourceTree = "<group>"; };
		ADDB24971ADFEA2A00FDFBE1 /* Base */ = {isa = PBXFileReference; lastKnownFileType = file.xib; name = Base; path = Base.lproj/LaunchScreen.xib; sourceTree = "<group>"; };
		ADDB249D1ADFEA2A00FDFBE1 /* EnriqueCMTests.xctest */ = {isa = PBXFileReference; explicitFileType = wrapper.cfbundle; includeInIndex = 0; path = EnriqueCMTests.xctest; sourceTree = BUILT_PRODUCTS_DIR; };
		ADDB24A21ADFEA2A00FDFBE1 /* Info.plist */ = {isa = PBXFileReference; lastKnownFileType = text.plist.xml; path = Info.plist; sourceTree = "<group>"; };
		ADDB24A31ADFEA2A00FDFBE1 /* EnriqueCMTests.swift */ = {isa = PBXFileReference; lastKnownFileType = sourcecode.swift; path = EnriqueCMTests.swift; sourceTree = "<group>"; };
/* End PBXFileReference section */

/* Begin PBXFrameworksBuildPhase section */
		ADDB24851ADFEA2A00FDFBE1 /* Frameworks */ = {
			isa = PBXFrameworksBuildPhase;
			buildActionMask = 2147483647;
			files = (
			);
			runOnlyForDeploymentPostprocessing = 0;
		};
		ADDB249A1ADFEA2A00FDFBE1 /* Frameworks */ = {
			isa = PBXFrameworksBuildPhase;
			buildActionMask = 2147483647;
			files = (
			);
			runOnlyForDeploymentPostprocessing = 0;
		};
/* End PBXFrameworksBuildPhase section */

/* Begin PBXGroup section */
		AD1A835D1AE33FBE008F336F /* Transitions */ = {
			isa = PBXGroup;
			children = (
				AD1A835E1AE34001008F336F /* TransitionDelegate.swift */,
				AD1A83601AE3402E008F336F /* TransitionPresentationAnimator.swift */,
				AD1A83621AE341B3008F336F /* TransitionDismissalAnimator.swift */,
				AD1A83641AE34240008F336F /* PresentationAnimator.swift */,
				AD1A83661AE34261008F336F /* DismissalAnimator.swift */,
			);
			name = Transitions;
			sourceTree = "<group>";
		};
		AD1A836C1AE420F3008F336F /* Views */ = {
			isa = PBXGroup;
			children = (
				AD1A836D1AE42139008F336F /* CardHeaderTableViewCell.swift */,
			);
			name = Views;
			sourceTree = "<group>";
		};
		AD2FEC3C1AE1DC9200EF8B65 /* Controllers */ = {
			isa = PBXGroup;
			children = (
				AD2FEC3D1AE1DCC300EF8B65 /* MainTableViewController.swift */,
				ADCCD5F91AE45FAA0061674B /* DetailTableViewController.swift */,
				AD1A83681AE34601008F336F /* DetailImageViewController.swift */,
				AD1A836A1AE3F8D1008F336F /* DetailViewController.swift */,
				AD9389881AE6ABF900580D4A /* Cells */,
			);
			name = Controllers;
			sourceTree = "<group>";
		};
		AD2FEC3F1AE1DD0500EF8B65 /* Managers */ = {
			isa = PBXGroup;
			children = (
				AD2FEC441AE2B7E200EF8B65 /* DatabaseManager.swift */,
				AD1A83591AE2F642008F336F /* CardsManager.swift */,
				AD4405941AEB47E000BADC06 /* Utils.swift */,
			);
			name = Managers;
			sourceTree = "<group>";
		};
		AD2FEC401AE1DD1E00EF8B65 /* Model */ = {
			isa = PBXGroup;
			children = (
				AD1A83521AE2E493008F336F /* Card.swift */,
			);
			name = Model;
			sourceTree = "<group>";
		};
		AD2FEC411AE2B1AD00EF8B65 /* CustomSegue */ = {
			isa = PBXGroup;
			children = (
				AD2FEC2F1AE1277700EF8B65 /* BottomToUpCustomSegue.swift */,
				AD2FEC351AE13D3F00EF8B65 /* UnwindBottonToUpCustomSegue.swift */,
				AD2FEC311AE1335E00EF8B65 /* CustomSegue.swift */,
				AD2FEC371AE14BDA00EF8B65 /* CustomSequeUnwind.swift */,
			);
			name = CustomSegue;
			sourceTree = "<group>";
		};
		AD9389881AE6ABF900580D4A /* Cells */ = {
			isa = PBXGroup;
			children = (
				AD1A83501AE2E2E5008F336F /* CardTableViewCell.swift */,
				AD9389891AE6AC6900580D4A /* DetailTitleSubtitleImageTableViewCell.swift */,
				AD93898B1AE6AF8000580D4A /* DetailAdjustableTextTableViewCell.swift */,
				AD93898D1AE6EE8A00580D4A /* DetailLinkTableViewCell.swift */,
				AD93898F1AE70E4200580D4A /* DetailDateTableViewCell.swift */,
				AD9389911AE70EE800580D4A /* DetailCollectionTableViewCell.swift */,
			);
			name = Cells;
			sourceTree = "<group>";
		};
		ADBA09241AEA816B00DC2B24 /* PersonalDetails */ = {
			isa = PBXGroup;
			children = (
			);
			name = PersonalDetails;
			sourceTree = "<group>";
		};
		ADBA09251AEA817A00DC2B24 /* Education */ = {
			isa = PBXGroup;
			children = (
				ADBA092A1AEA892B00DC2B24 /* ULBRA-logo-landscape.png */,
				ADBA09271AEA85DA00DC2B24 /* ULBRA-logo.png */,
			);
			name = Education;
			sourceTree = "<group>";
		};
		ADCCD5FD1AE474B80061674B /* Assets */ = {
			isa = PBXGroup;
			children = (
				ADBA09241AEA816B00DC2B24 /* PersonalDetails */,
				ADBA09251AEA817A00DC2B24 /* Education */,
				ADCCD5FB1AE474AD0061674B /* Foto1.jpg */,
				ADCCD5FE1AE474ED0061674B /* Foto2.jpg */,
			);
			name = Assets;
			sourceTree = "<group>";
		};
		ADDB247F1ADFEA2A00FDFBE1 = {
			isa = PBXGroup;
			children = (
				ADDB248A1ADFEA2A00FDFBE1 /* EnriqueCM */,
				ADDB24A01ADFEA2A00FDFBE1 /* EnriqueCMTests */,
				ADDB24891ADFEA2A00FDFBE1 /* Products */,
			);
			sourceTree = "<group>";
		};
		ADDB24891ADFEA2A00FDFBE1 /* Products */ = {
			isa = PBXGroup;
			children = (
				ADDB24881ADFEA2A00FDFBE1 /* EnriqueCM.app */,
				ADDB249D1ADFEA2A00FDFBE1 /* EnriqueCMTests.xctest */,
			);
			name = Products;
			sourceTree = "<group>";
		};
		ADDB248A1ADFEA2A00FDFBE1 /* EnriqueCM */ = {
			isa = PBXGroup;
			children = (
				ADCCD5FD1AE474B80061674B /* Assets */,
				AD1A835D1AE33FBE008F336F /* Transitions */,
				AD2FEC411AE2B1AD00EF8B65 /* CustomSegue */,
				AD2FEC401AE1DD1E00EF8B65 /* Model */,
				AD2FEC3F1AE1DD0500EF8B65 /* Managers */,
				AD2FEC3C1AE1DC9200EF8B65 /* Controllers */,
				AD1A836C1AE420F3008F336F /* Views */,
				AD1A83541AE2E606008F336F /* Extensions.swift */,
				ADDB24911ADFEA2A00FDFBE1 /* Main.storyboard */,
				ADDB24941ADFEA2A00FDFBE1 /* Images.xcassets */,
				ADDB248D1ADFEA2A00FDFBE1 /* AppDelegate.swift */,
				ADDB248F1ADFEA2A00FDFBE1 /* MainViewController.swift */,
				AD2FEC331AE139FF00EF8B65 /* ListViewController.swift */,
				ADDB24961ADFEA2A00FDFBE1 /* LaunchScreen.xib */,
				ADDB248B1ADFEA2A00FDFBE1 /* Supporting Files */,
			);
			path = EnriqueCM;
			sourceTree = "<group>";
		};
		ADDB248B1ADFEA2A00FDFBE1 /* Supporting Files */ = {
			isa = PBXGroup;
			children = (
				ADDB248C1ADFEA2A00FDFBE1 /* Info.plist */,
				AD2FEC421AE2B1DE00EF8B65 /* Data.plist */,
				AD1A835B1AE2FA90008F336F /* Information.json */,
				AD9389861AE5A96F00580D4A /* Default.json */,
			);
			name = "Supporting Files";
			sourceTree = "<group>";
		};
		ADDB24A01ADFEA2A00FDFBE1 /* EnriqueCMTests */ = {
			isa = PBXGroup;
			children = (
				ADDB24A31ADFEA2A00FDFBE1 /* EnriqueCMTests.swift */,
				ADDB24A11ADFEA2A00FDFBE1 /* Supporting Files */,
			);
			path = EnriqueCMTests;
			sourceTree = "<group>";
		};
		ADDB24A11ADFEA2A00FDFBE1 /* Supporting Files */ = {
			isa = PBXGroup;
			children = (
				ADDB24A21ADFEA2A00FDFBE1 /* Info.plist */,
			);
			name = "Supporting Files";
			sourceTree = "<group>";
		};
/* End PBXGroup section */

/* Begin PBXNativeTarget section */
		ADDB24871ADFEA2A00FDFBE1 /* EnriqueCM */ = {
			isa = PBXNativeTarget;
			buildConfigurationList = ADDB24A71ADFEA2A00FDFBE1 /* Build configuration list for PBXNativeTarget "EnriqueCM" */;
			buildPhases = (
				ADDB24841ADFEA2A00FDFBE1 /* Sources */,
				ADDB24851ADFEA2A00FDFBE1 /* Frameworks */,
				ADDB24861ADFEA2A00FDFBE1 /* Resources */,
			);
			buildRules = (
			);
			dependencies = (
			);
			name = EnriqueCM;
			productName = EnriqueCM;
			productReference = ADDB24881ADFEA2A00FDFBE1 /* EnriqueCM.app */;
			productType = "com.apple.product-type.application";
		};
		ADDB249C1ADFEA2A00FDFBE1 /* EnriqueCMTests */ = {
			isa = PBXNativeTarget;
			buildConfigurationList = ADDB24AA1ADFEA2A00FDFBE1 /* Build configuration list for PBXNativeTarget "EnriqueCMTests" */;
			buildPhases = (
				ADDB24991ADFEA2A00FDFBE1 /* Sources */,
				ADDB249A1ADFEA2A00FDFBE1 /* Frameworks */,
				ADDB249B1ADFEA2A00FDFBE1 /* Resources */,
			);
			buildRules = (
			);
			dependencies = (
				ADDB249F1ADFEA2A00FDFBE1 /* PBXTargetDependency */,
			);
			name = EnriqueCMTests;
			productName = EnriqueCMTests;
			productReference = ADDB249D1ADFEA2A00FDFBE1 /* EnriqueCMTests.xctest */;
			productType = "com.apple.product-type.bundle.unit-test";
		};
/* End PBXNativeTarget section */

/* Begin PBXProject section */
		ADDB24801ADFEA2A00FDFBE1 /* Project object */ = {
			isa = PBXProject;
			attributes = {
				LastUpgradeCheck = 0630;
				ORGANIZATIONNAME = "Enrique Choynowski Melgarejo";
				TargetAttributes = {
					ADDB24871ADFEA2A00FDFBE1 = {
						CreatedOnToolsVersion = 6.3;
					};
					ADDB249C1ADFEA2A00FDFBE1 = {
						CreatedOnToolsVersion = 6.3;
						TestTargetID = ADDB24871ADFEA2A00FDFBE1;
					};
				};
			};
			buildConfigurationList = ADDB24831ADFEA2A00FDFBE1 /* Build configuration list for PBXProject "EnriqueCM" */;
			compatibilityVersion = "Xcode 3.2";
			developmentRegion = English;
			hasScannedForEncodings = 0;
			knownRegions = (
				en,
				Base,
			);
			mainGroup = ADDB247F1ADFEA2A00FDFBE1;
			productRefGroup = ADDB24891ADFEA2A00FDFBE1 /* Products */;
			projectDirPath = "";
			projectRoot = "";
			targets = (
				ADDB24871ADFEA2A00FDFBE1 /* EnriqueCM */,
				ADDB249C1ADFEA2A00FDFBE1 /* EnriqueCMTests */,
			);
		};
/* End PBXProject section */

/* Begin PBXResourcesBuildPhase section */
		ADDB24861ADFEA2A00FDFBE1 /* Resources */ = {
			isa = PBXResourcesBuildPhase;
			buildActionMask = 2147483647;
			files = (
				ADDB24931ADFEA2A00FDFBE1 /* Main.storyboard in Resources */,
				ADBA09291AEA85DA00DC2B24 /* ULBRA-logo.png in Resources */,
				AD9389871AE5A96F00580D4A /* Default.json in Resources */,
				AD1A835C1AE2FA90008F336F /* Information.json in Resources */,
				ADDB24981ADFEA2A00FDFBE1 /* LaunchScreen.xib in Resources */,
				AD2FEC431AE2B1DE00EF8B65 /* Data.plist in Resources */,
				ADCCD5FF1AE474ED0061674B /* Foto2.jpg in Resources */,
				ADBA092B1AEA892B00DC2B24 /* ULBRA-logo-landscape.png in Resources */,
				ADCCD5FC1AE474AD0061674B /* Foto1.jpg in Resources */,
				ADDB24951ADFEA2A00FDFBE1 /* Images.xcassets in Resources */,
			);
			runOnlyForDeploymentPostprocessing = 0;
		};
		ADDB249B1ADFEA2A00FDFBE1 /* Resources */ = {
			isa = PBXResourcesBuildPhase;
			buildActionMask = 2147483647;
			files = (
			);
			runOnlyForDeploymentPostprocessing = 0;
		};
/* End PBXResourcesBuildPhase section */

/* Begin PBXSourcesBuildPhase section */
		ADDB24841ADFEA2A00FDFBE1 /* Sources */ = {
			isa = PBXSourcesBuildPhase;
			buildActionMask = 2147483647;
			files = (
				AD2FEC321AE1335E00EF8B65 /* CustomSegue.swift in Sources */,
				AD1A83631AE341B3008F336F /* TransitionDismissalAnimator.swift in Sources */,
				ADDB24901ADFEA2A00FDFBE1 /* MainViewController.swift in Sources */,
				AD4405951AEB47E000BADC06 /* Utils.swift in Sources */,
				AD1A835A1AE2F642008F336F /* CardsManager.swift in Sources */,
				AD9389901AE70E4200580D4A /* DetailDateTableViewCell.swift in Sources */,
				AD1A83611AE3402E008F336F /* TransitionPresentationAnimator.swift in Sources */,
				AD2FEC301AE1277700EF8B65 /* BottomToUpCustomSegue.swift in Sources */,
				AD2FEC341AE139FF00EF8B65 /* ListViewController.swift in Sources */,
				AD1A836B1AE3F8D1008F336F /* DetailViewController.swift in Sources */,
				AD1A83691AE34601008F336F /* DetailImageViewController.swift in Sources */,
				AD2FEC3E1AE1DCC300EF8B65 /* MainTableViewController.swift in Sources */,
				AD9389921AE70EE800580D4A /* DetailCollectionTableViewCell.swift in Sources */,
				AD1A836E1AE42139008F336F /* CardHeaderTableViewCell.swift in Sources */,
				AD1A83511AE2E2E5008F336F /* CardTableViewCell.swift in Sources */,
				ADCCD5FA1AE45FAA0061674B /* DetailTableViewController.swift in Sources */,
				ADDB248E1ADFEA2A00FDFBE1 /* AppDelegate.swift in Sources */,
				AD1A83671AE34261008F336F /* DismissalAnimator.swift in Sources */,
				AD1A83551AE2E606008F336F /* Extensions.swift in Sources */,
				AD93898A1AE6AC6900580D4A /* DetailTitleSubtitleImageTableViewCell.swift in Sources */,
				AD2FEC381AE14BDA00EF8B65 /* CustomSequeUnwind.swift in Sources */,
				AD1A83651AE34240008F336F /* PresentationAnimator.swift in Sources */,
				AD2FEC361AE13D3F00EF8B65 /* UnwindBottonToUpCustomSegue.swift in Sources */,
				AD93898C1AE6AF8000580D4A /* DetailAdjustableTextTableViewCell.swift in Sources */,
				AD1A835F1AE34001008F336F /* TransitionDelegate.swift in Sources */,
				AD93898E1AE6EE8A00580D4A /* DetailLinkTableViewCell.swift in Sources */,
				AD2FEC451AE2B7E200EF8B65 /* DatabaseManager.swift in Sources */,
				AD1A83531AE2E493008F336F /* Card.swift in Sources */,
			);
			runOnlyForDeploymentPostprocessing = 0;
		};
		ADDB24991ADFEA2A00FDFBE1 /* Sources */ = {
			isa = PBXSourcesBuildPhase;
			buildActionMask = 2147483647;
			files = (
				ADDB24A41ADFEA2A00FDFBE1 /* EnriqueCMTests.swift in Sources */,
				AD1A83561AE2E7E8008F336F /* Extensions.swift in Sources */,
			);
			runOnlyForDeploymentPostprocessing = 0;
		};
/* End PBXSourcesBuildPhase section */

/* Begin PBXTargetDependency section */
		ADDB249F1ADFEA2A00FDFBE1 /* PBXTargetDependency */ = {
			isa = PBXTargetDependency;
			target = ADDB24871ADFEA2A00FDFBE1 /* EnriqueCM */;
			targetProxy = ADDB249E1ADFEA2A00FDFBE1 /* PBXContainerItemProxy */;
		};
/* End PBXTargetDependency section */

/* Begin PBXVariantGroup section */
		ADDB24911ADFEA2A00FDFBE1 /* Main.storyboard */ = {
			isa = PBXVariantGroup;
			children = (
				ADDB24921ADFEA2A00FDFBE1 /* Base */,
			);
			name = Main.storyboard;
			sourceTree = "<group>";
		};
		ADDB24961ADFEA2A00FDFBE1 /* LaunchScreen.xib */ = {
			isa = PBXVariantGroup;
			children = (
				ADDB24971ADFEA2A00FDFBE1 /* Base */,
			);
			name = LaunchScreen.xib;
			sourceTree = "<group>";
		};
/* End PBXVariantGroup section */

/* Begin XCBuildConfiguration section */
		ADDB24A51ADFEA2A00FDFBE1 /* Debug */ = {
			isa = XCBuildConfiguration;
			buildSettings = {
				ALWAYS_SEARCH_USER_PATHS = NO;
				CLANG_CXX_LANGUAGE_STANDARD = "gnu++0x";
				CLANG_CXX_LIBRARY = "libc++";
				CLANG_ENABLE_MODULES = YES;
				CLANG_ENABLE_OBJC_ARC = YES;
				CLANG_WARN_BOOL_CONVERSION = YES;
				CLANG_WARN_CONSTANT_CONVERSION = YES;
				CLANG_WARN_DIRECT_OBJC_ISA_USAGE = YES_ERROR;
				CLANG_WARN_EMPTY_BODY = YES;
				CLANG_WARN_ENUM_CONVERSION = YES;
				CLANG_WARN_INT_CONVERSION = YES;
				CLANG_WARN_OBJC_ROOT_CLASS = YES_ERROR;
				CLANG_WARN_UNREACHABLE_CODE = YES;
				CLANG_WARN__DUPLICATE_METHOD_MATCH = YES;
				"CODE_SIGN_IDENTITY[sdk=iphoneos*]" = "iPhone Developer";
				COPY_PHASE_STRIP = NO;
				DEBUG_INFORMATION_FORMAT = "dwarf-with-dsym";
				ENABLE_STRICT_OBJC_MSGSEND = YES;
				GCC_C_LANGUAGE_STANDARD = gnu99;
				GCC_DYNAMIC_NO_PIC = NO;
				GCC_NO_COMMON_BLOCKS = YES;
				GCC_OPTIMIZATION_LEVEL = 0;
				GCC_PREPROCESSOR_DEFINITIONS = (
					"DEBUG=1",
					"$(inherited)",
				);
				GCC_SYMBOLS_PRIVATE_EXTERN = NO;
				GCC_WARN_64_TO_32_BIT_CONVERSION = YES;
				GCC_WARN_ABOUT_RETURN_TYPE = YES_ERROR;
				GCC_WARN_UNDECLARED_SELECTOR = YES;
				GCC_WARN_UNINITIALIZED_AUTOS = YES_AGGRESSIVE;
				GCC_WARN_UNUSED_FUNCTION = YES;
				GCC_WARN_UNUSED_VARIABLE = YES;
				IPHONEOS_DEPLOYMENT_TARGET = 8.3;
				MTL_ENABLE_DEBUG_INFO = YES;
				ONLY_ACTIVE_ARCH = YES;
				SDKROOT = iphoneos;
				SWIFT_OPTIMIZATION_LEVEL = "-Onone";
				TARGETED_DEVICE_FAMILY = "1,2";
			};
			name = Debug;
		};
		ADDB24A61ADFEA2A00FDFBE1 /* Release */ = {
			isa = XCBuildConfiguration;
			buildSettings = {
				ALWAYS_SEARCH_USER_PATHS = NO;
				CLANG_CXX_LANGUAGE_STANDARD = "gnu++0x";
				CLANG_CXX_LIBRARY = "libc++";
				CLANG_ENABLE_MODULES = YES;
				CLANG_ENABLE_OBJC_ARC = YES;
				CLANG_WARN_BOOL_CONVERSION = YES;
				CLANG_WARN_CONSTANT_CONVERSION = YES;
				CLANG_WARN_DIRECT_OBJC_ISA_USAGE = YES_ERROR;
				CLANG_WARN_EMPTY_BODY = YES;
				CLANG_WARN_ENUM_CONVERSION = YES;
				CLANG_WARN_INT_CONVERSION = YES;
				CLANG_WARN_OBJC_ROOT_CLASS = YES_ERROR;
				CLANG_WARN_UNREACHABLE_CODE = YES;
				CLANG_WARN__DUPLICATE_METHOD_MATCH = YES;
				"CODE_SIGN_IDENTITY[sdk=iphoneos*]" = "iPhone Developer";
				COPY_PHASE_STRIP = NO;
				DEBUG_INFORMATION_FORMAT = "dwarf-with-dsym";
				ENABLE_NS_ASSERTIONS = NO;
				ENABLE_STRICT_OBJC_MSGSEND = YES;
				GCC_C_LANGUAGE_STANDARD = gnu99;
				GCC_NO_COMMON_BLOCKS = YES;
				GCC_WARN_64_TO_32_BIT_CONVERSION = YES;
				GCC_WARN_ABOUT_RETURN_TYPE = YES_ERROR;
				GCC_WARN_UNDECLARED_SELECTOR = YES;
				GCC_WARN_UNINITIALIZED_AUTOS = YES_AGGRESSIVE;
				GCC_WARN_UNUSED_FUNCTION = YES;
				GCC_WARN_UNUSED_VARIABLE = YES;
				IPHONEOS_DEPLOYMENT_TARGET = 8.3;
				MTL_ENABLE_DEBUG_INFO = NO;
				SDKROOT = iphoneos;
				TARGETED_DEVICE_FAMILY = "1,2";
				VALIDATE_PRODUCT = YES;
			};
			name = Release;
		};
		ADDB24A81ADFEA2A00FDFBE1 /* Debug */ = {
			isa = XCBuildConfiguration;
			buildSettings = {
				ASSETCATALOG_COMPILER_APPICON_NAME = AppIcon;
				CODE_SIGN_IDENTITY = "iPhone Developer";
				INFOPLIST_FILE = EnriqueCM/Info.plist;
				IPHONEOS_DEPLOYMENT_TARGET = 8.0;
				LD_RUNPATH_SEARCH_PATHS = "$(inherited) @executable_path/Frameworks";
				PRODUCT_NAME = "$(TARGET_NAME)";
			};
			name = Debug;
		};
		ADDB24A91ADFEA2A00FDFBE1 /* Release */ = {
			isa = XCBuildConfiguration;
			buildSettings = {
				ASSETCATALOG_COMPILER_APPICON_NAME = AppIcon;
				CODE_SIGN_IDENTITY = "iPhone Developer";
				INFOPLIST_FILE = EnriqueCM/Info.plist;
				IPHONEOS_DEPLOYMENT_TARGET = 8.0;
				LD_RUNPATH_SEARCH_PATHS = "$(inherited) @executable_path/Frameworks";
				PRODUCT_NAME = "$(TARGET_NAME)";
			};
			name = Release;
		};
		ADDB24AB1ADFEA2A00FDFBE1 /* Debug */ = {
			isa = XCBuildConfiguration;
			buildSettings = {
				BUNDLE_LOADER = "$(TEST_HOST)";
				FRAMEWORK_SEARCH_PATHS = (
					"$(SDKROOT)/Developer/Library/Frameworks",
					"$(inherited)",
				);
				GCC_PREPROCESSOR_DEFINITIONS = (
					"DEBUG=1",
					"$(inherited)",
				);
				INFOPLIST_FILE = EnriqueCMTests/Info.plist;
				LD_RUNPATH_SEARCH_PATHS = "$(inherited) @executable_path/Frameworks @loader_path/Frameworks";
				PRODUCT_NAME = "$(TARGET_NAME)";
				TEST_HOST = "$(BUILT_PRODUCTS_DIR)/EnriqueCM.app/EnriqueCM";
			};
			name = Debug;
		};
		ADDB24AC1ADFEA2A00FDFBE1 /* Release */ = {
			isa = XCBuildConfiguration;
			buildSettings = {
				BUNDLE_LOADER = "$(TEST_HOST)";
				FRAMEWORK_SEARCH_PATHS = (
					"$(SDKROOT)/Developer/Library/Frameworks",
					"$(inherited)",
				);
				INFOPLIST_FILE = EnriqueCMTests/Info.plist;
				LD_RUNPATH_SEARCH_PATHS = "$(inherited) @executable_path/Frameworks @loader_path/Frameworks";
				PRODUCT_NAME = "$(TARGET_NAME)";
				TEST_HOST = "$(BUILT_PRODUCTS_DIR)/EnriqueCM.app/EnriqueCM";
			};
			name = Release;
		};
/* End XCBuildConfiguration section */

/* Begin XCConfigurationList section */
		ADDB24831ADFEA2A00FDFBE1 /* Build configuration list for PBXProject "EnriqueCM" */ = {
			isa = XCConfigurationList;
			buildConfigurations = (
				ADDB24A51ADFEA2A00FDFBE1 /* Debug */,
				ADDB24A61ADFEA2A00FDFBE1 /* Release */,
			);
			defaultConfigurationIsVisible = 0;
			defaultConfigurationName = Release;
		};
		ADDB24A71ADFEA2A00FDFBE1 /* Build configuration list for PBXNativeTarget "EnriqueCM" */ = {
			isa = XCConfigurationList;
			buildConfigurations = (
				ADDB24A81ADFEA2A00FDFBE1 /* Debug */,
				ADDB24A91ADFEA2A00FDFBE1 /* Release */,
			);
			defaultConfigurationIsVisible = 0;
			defaultConfigurationName = Release;
		};
		ADDB24AA1ADFEA2A00FDFBE1 /* Build configuration list for PBXNativeTarget "EnriqueCMTests" */ = {
			isa = XCConfigurationList;
			buildConfigurations = (
				ADDB24AB1ADFEA2A00FDFBE1 /* Debug */,
				ADDB24AC1ADFEA2A00FDFBE1 /* Release */,
			);
			defaultConfigurationIsVisible = 0;
			defaultConfigurationName = Release;
		};
/* End XCConfigurationList section */
	};
	rootObject = ADDB24801ADFEA2A00FDFBE1 /* Project object */;
}
